{ "repos": {"junegunn/vim-plug":{
  "url": "https://github.com/junegunn/vim-plug",
  "rev": "904dac1530cfec0880cd44e4f7f206eb2e9e3247",
  "date": "2025-09-03T09:57:35+09:00",
  "path": "/nix/store/igvr072mizl02wi521mnmdxr7wgs1bdy-vim-plug",
  "sha256": "0m6xgah7bsyppsm0g3zk3drapfymzlkbzkpl278byvnz3zqj6sy5",
  "hash": "sha256-xWsj8R/fbr/QEfTOvyb91burchvzjweqvtfrdaB63VQ=",
  "fetchLFS": false,
  "fetchSubmodules": true,
  "deepClone": false,
  "fetchTags": false,
  "leaveDotGit": false,
  "rootDir": ""
}
,"Khelda/vimthemes":{
  "url": "https://github.com/Khelda/vimthemes",
  "rev": "7838410218672ca214eca0a66963a9c9a24fc224",
  "date": "2024-09-30T16:34:13+02:00",
  "path": "/nix/store/wq9z41ngm0a386i6fq45xrmcg84wjwgy-vimthemes",
  "sha256": "1yqv673m5w4cnjca15qcccp2j8b71zjmb4c5m4fixlyxpbsnhiib",
  "hash": "sha256-K0Zo9brd0x4dqYWRVeUPZyEpLmMMl6CYtIzwUscxG/s=",
  "fetchLFS": false,
  "fetchSubmodules": true,
  "deepClone": false,
  "fetchTags": false,
  "leaveDotGit": false,
  "rootDir": ""
}
,"rktjmp/fwatch.nvim":{
  "url": "https://github.com/rktjmp/fwatch.nvim",
  "rev": "a691f7349dc66285cd75a1a698dd28bca45f2bf8",
  "date": "2022-07-04T18:27:44+10:00",
  "path": "/nix/store/1zbwjhfhqls0b9z127fx3qxyangswnvx-fwatch.nvim",
  "sha256": "0y8jqmpy85h6g1gjs36qpqvq9abhd7d9bmaiq7bnh7xjvvzg290v",
  "hash": "sha256-GyTx/t6yH2jXwVHVldppcKmEN77YDC1feAYW5G/FEnk=",
  "fetchLFS": false,
  "fetchSubmodules": true,
  "deepClone": false,
  "fetchTags": false,
  "leaveDotGit": false,
  "rootDir": ""
}
,"junegunn/goyo.vim":{
  "url": "https://github.com/junegunn/goyo.vim",
  "rev": "fa0263d456dd43f5926484d1c4c7022dfcb21ba9",
  "date": "2023-03-04T20:25:38+09:00",
  "path": "/nix/store/iv07wb09g5cvs137pamsaadsh7x78pm4-goyo.vim",
  "sha256": "0qmphp2hk3hyzq2vjsrm8zaxmjpqg6dbcbwwszxisvi9iryxjhml",
  "hash": "sha256-tELZfY4pbh3715wvtpp5+Mra1Uc1a7kF/h6OCcWFt2I=",
  "fetchLFS": false,
  "fetchSubmodules": true,
  "deepClone": false,
  "fetchTags": false,
  "leaveDotGit": false,
  "rootDir": ""
}
,"junegunn/limelight.vim":{
  "url": "https://github.com/junegunn/limelight.vim",
  "rev": "0c8cc7f503a775c505dc9c67f1f5041ab4d5f1fd",
  "date": "2024-09-12T18:17:43+09:00",
  "path": "/nix/store/5b3m19rmxhrjx4hnqck5gbqixmb19r77-limelight.vim",
  "sha256": "0qdll4x01912ldlv9ixh5z4zn8fddybc9mv53c8dx2advkglb6cg",
  "hash": "sha256-j5lF39xNid4QG2XXxJZvzSH7yS+wx7RpoyKkADqhtGE=",
  "fetchLFS": false,
  "fetchSubmodules": true,
  "deepClone": false,
  "fetchTags": false,
  "leaveDotGit": false,
  "rootDir": ""
}
,"nvim-lualine/lualine.nvim":{
  "url": "https://github.com/nvim-lualine/lualine.nvim",
  "rev": "b8c23159c0161f4b89196f74ee3a6d02cdc3a955",
  "date": "2025-08-12T09:50:49+06:00",
  "path": "/nix/store/q2acxpa6qsdd12h78qip8hv78kax4p92-lualine.nvim",
  "sha256": "12xpjwzzd26rxkv9kq1dn8797100zsznlbfzbb6c91myjn97cswm",
  "hash": "sha256-lWt2kpW+hsTMWt8tar/+AISTDrIt4Jn27NmI9j+Xt4s=",
  "fetchLFS": false,
  "fetchSubmodules": true,
  "deepClone": false,
  "fetchTags": false,
  "leaveDotGit": false,
  "rootDir": ""
}
,"romgrk/barbar.nvim":{
  "url": "https://github.com/romgrk/barbar.nvim",
  "rev": "549ee11d97057eae207bafa2c23c315942cca097",
  "date": "2025-08-12T15:03:24-04:00",
  "path": "/nix/store/nfrwsib6mwsi42cfxwz761xvsc1abf0h-barbar.nvim",
  "sha256": "107d46s7d4ljvb4ra6m14z6zd64mbvpnzcwcnwxjsf68g4d6a4n6",
  "hash": "sha256-xhJlGnnIOC07t4yzb+9elZj2zSehGpXJ2pKSdrQh7YA=",
  "fetchLFS": false,
  "fetchSubmodules": true,
  "deepClone": false,
  "fetchTags": false,
  "leaveDotGit": false,
  "rootDir": ""
}
,"mikesmithgh/kitty-scrollback.nvim":{
  "url": "https://github.com/mikesmithgh/kitty-scrollback.nvim",
  "rev": "36d19dc85c0a1d0193e7c52d41129c4aa28b72e8",
  "date": "2025-06-26T11:06:14-04:00",
  "path": "/nix/store/3hj8v70bchaig7ppwn8dzp6hmx9jgmfa-kitty-scrollback.nvim",
  "sha256": "0h8ziqx1d1c68wkrymxn3hv8k2lniwrcwi81lr69p8yd3qr51l2h",
  "hash": "sha256-UNBQMh7No5tMpgFFzjKPloqJNhy2V58nR4aFFjqOH0E=",
  "fetchLFS": false,
  "fetchSubmodules": true,
  "deepClone": false,
  "fetchTags": false,
  "leaveDotGit": false,
  "rootDir": ""
}
,"MunifTanjim/nui.nvim":{
  "url": "https://github.com/MunifTanjim/nui.nvim",
  "rev": "de740991c12411b663994b2860f1a4fd0937c130",
  "date": "2025-06-08T20:26:28+06:00",
  "path": "/nix/store/wxbrcaxl9d8zy9ig6gili46sqjnyzw7m-nui.nvim",
  "sha256": "0l1ga86dr2rhfjshiicsw3nn03wrhmdqks8v1gn3xmzdgfd2anz3",
  "hash": "sha256-41slmnvt1z7sCxvpiVuFmQ9g7eCaxQi1dDCL3AxSL1A=",
  "fetchLFS": false,
  "fetchSubmodules": true,
  "deepClone": false,
  "fetchTags": false,
  "leaveDotGit": false,
  "rootDir": ""
}
,"folke/noice.nvim":{
  "url": "https://github.com/folke/noice.nvim",
  "rev": "0427460c2d7f673ad60eb02b35f5e9926cf67c59",
  "date": "2025-02-11T19:02:05Z",
  "path": "/nix/store/0jgpqsy6mjx7n39j96xbm05x70s9z4n1-noice.nvim",
  "sha256": "000y204jli68kg0s0dsqx78gkbg8zr9h2i2lzddvypfxgqjvfayk",
  "hash": "sha256-0yu3JX7dXb9b+1REAVP+6K350OlYN6DBm8hEKgkQHgA=",
  "fetchLFS": false,
  "fetchSubmodules": true,
  "deepClone": false,
  "fetchTags": false,
  "leaveDotGit": false,
  "rootDir": ""
}
,"MunifTanjim/exrc.nvim":{
  "url": "https://github.com/MunifTanjim/exrc.nvim",
  "rev": "0aae882db72885ade36641d677a22204c72e50f4",
  "date": "2022-12-28T13:55:23+06:00",
  "path": "/nix/store/56yx2hj49pdbrp22j3nasng16ggzy3y6-exrc.nvim",
  "sha256": "0cl9jm6iya720nzhk575jr08f4jb63jh8lvqsb4fcj4j4jx057gv",
  "hash": "sha256-+50CuiSSSObI0nhTBOUwSxKHQJbllAm/BeIoH02ViTI=",
  "fetchLFS": false,
  "fetchSubmodules": true,
  "deepClone": false,
  "fetchTags": false,
  "leaveDotGit": false,
  "rootDir": ""
}
,"mattn/webapi-vim":{
  "url": "https://github.com/mattn/webapi-vim",
  "rev": "70c49ada7827d3545a65cbdab04c5c89a3a8464e",
  "date": "2022-11-23T14:23:37+09:00",
  "path": "/nix/store/acjd3b56r89ljs5k0kc8wimf3dn6js2g-webapi-vim",
  "sha256": "0sqhx4h2qchihf37g5fpa3arpxrnzsfpjj34ca3sdn4db89a0c8n",
  "hash": "sha256-FjGgElqN2KaHYmRIeZ3+Nveb1VDXlXeGgxEyLCDpEGs=",
  "fetchLFS": false,
  "fetchSubmodules": true,
  "deepClone": false,
  "fetchTags": false,
  "leaveDotGit": false,
  "rootDir": ""
}
,"rust-lang/rust.vim":{
  "url": "https://github.com/rust-lang/rust.vim",
  "rev": "889b9a7515db477f4cb6808bef1769e53493c578",
  "date": "2022-11-27T16:26:22+02:00",
  "path": "/nix/store/whswkank97mzh92b0n3l5bz8lkvw915b-rust.vim",
  "sha256": "1xklq4g6dvqd3a5msnrir899hzqmjkscpb8bq9wd4fi3ivmjjjgg",
  "hash": "sha256-70kp644jOtJ4wguty/SUFX+YEsoxW12LGg3vZh7BdPY=",
  "fetchLFS": false,
  "fetchSubmodules": true,
  "deepClone": false,
  "fetchTags": false,
  "leaveDotGit": false,
  "rootDir": ""
}
,"rcarriga/nvim-notify":{
  "url": "https://github.com/rcarriga/nvim-notify",
  "rev": "8701bece920b38ea289b457f902e2ad184131a5d",
  "date": "2025-09-06T21:22:11+01:00",
  "path": "/nix/store/00pp9yina1pkmdjh53nbfn5kwp1psawn-nvim-notify",
  "sha256": "1qsxv5w8pb4pv0963lwhsy21cgi75mw2a0s20vm1821y6qr97d47",
  "hash": "sha256-h7STMjY+CBTqBkIDJXgtJz4WhNeQ02ES2Jesi3jZXeM=",
  "fetchLFS": false,
  "fetchSubmodules": true,
  "deepClone": false,
  "fetchTags": false,
  "leaveDotGit": false,
  "rootDir": ""
}
,"ncm2/float-preview.nvim":{
  "url": "https://github.com/ncm2/float-preview.nvim",
  "rev": "cd7974292f1bb87ed987a2b0e7ae6b632aa14ed6",
  "date": "2023-07-04T11:47:39+08:00",
  "path": "/nix/store/f9cg7rmzx90hmkny6z4fzzgxrrwnmc0s-float-preview.nvim",
  "sha256": "1i2fgki7zkmwmrs1jxb8yp4f1z4jnr1yvmyh1p1y1fv4hyairjfn",
  "hash": "sha256-1skclYdku+DDDdDX7UO2kvzgyPVodRl0rrzOf+J8TsQ=",
  "fetchLFS": false,
  "fetchSubmodules": true,
  "deepClone": false,
  "fetchTags": false,
  "leaveDotGit": false,
  "rootDir": ""
}
,"kevinhwang91/nvim-bqf":{
  "url": "https://github.com/kevinhwang91/nvim-bqf",
  "rev": "a77b17e39b1b707b6feee86a36c83703c1534c08",
  "date": "2025-10-06T12:55:55+08:00",
  "path": "/nix/store/4mglqy4f6mzcmgl0ylx09w6a4d1w1yn8-nvim-bqf",
  "sha256": "0pbjm18ykzsjmqdzw6qps5gsnw6b2868fhc8v16ks5185pp6ns5r",
  "hash": "sha256-uWhr7i0oFD1N2IhBhwwSy3CrX9EXG/4brlL/6VGocl0=",
  "fetchLFS": false,
  "fetchSubmodules": true,
  "deepClone": false,
  "fetchTags": false,
  "leaveDotGit": false,
  "rootDir": ""
}
,"nvim-treesitter/nvim-treesitter":{
  "url": "https://github.com/nvim-treesitter/nvim-treesitter",
  "rev": "42fc28ba918343ebfd5565147a42a26580579482",
  "date": "2025-05-24T15:53:33+02:00",
  "path": "/nix/store/rji5dadn687kaqscjsg1pvilqlvp5vkm-nvim-treesitter",
  "sha256": "1ck1qslxwi18qxrga68blvk1dg9j4jn65xiw8snq5pk06waksnq9",
  "hash": "sha256-CVs9FTdg3oKtRjz2YqwkMr0W5qYLGfVyxyhE3qnGYbI=",
  "fetchLFS": false,
  "fetchSubmodules": true,
  "deepClone": false,
  "fetchTags": false,
  "leaveDotGit": false,
  "rootDir": ""
}
,"nvim-treesitter/nvim-treesitter-context":{
  "url": "https://github.com/nvim-treesitter/nvim-treesitter-context",
  "rev": "41847d3dafb5004464708a3db06b14f12bde548a",
  "date": "2025-09-10T17:31:24+01:00",
  "path": "/nix/store/1261wchr1163vcpk5mjzi0wfp3rk6n19-nvim-treesitter-context",
  "sha256": "0p6pslcr1pqhz7nv66cnk6z5g1siwidzznbxr50zazb6rdpgqa7v",
  "hash": "sha256-+yj8bstmffVByX3Z/1vkUYdXvpmWGbPt+RDfkBnV11w=",
  "fetchLFS": false,
  "fetchSubmodules": true,
  "deepClone": false,
  "fetchTags": false,
  "leaveDotGit": false,
  "rootDir": ""
}
,"kyazdani42/nvim-tree.lua":{
  "url": "https://github.com/kyazdani42/nvim-tree.lua",
  "rev": "87d096a39cb2d5d43e6771563575ff042a79f48b",
  "date": "2025-09-30T10:52:12+02:00",
  "path": "/nix/store/gnpvb6595m6562d0wpggp3chhixbvidk-nvim-tree.lua",
  "sha256": "1jc4nj1l7cj4175bafr84mz048brv7h1zkzpyk30vivxgkqisr2f",
  "hash": "sha256-TmQd8Xx9xw3G9PfPH+DZeSECfiUoO7XKCUSyQ4O0hMk=",
  "fetchLFS": false,
  "fetchSubmodules": true,
  "deepClone": false,
  "fetchTags": false,
  "leaveDotGit": false,
  "rootDir": ""
}
,"kyazdani42/nvim-web-devicons":{
  "url": "https://github.com/kyazdani42/nvim-web-devicons",
  "rev": "b8221e42cf7287c4dcde81f232f58d7b947c210d",
  "date": "2025-09-30T09:24:21+10:00",
  "path": "/nix/store/7jrzc5kbncxixv32ayj2rcyvx2jdqq2a-nvim-web-devicons",
  "sha256": "1qbyh8r2gbaw2n0mm7qwi4y8r9ywyz37q35vlxjzy879ba8dlnlm",
  "hash": "sha256-lVrakFrpIP9lp7sMfMb33KeMPIkcn1qBFVytJzKCfuE=",
  "fetchLFS": false,
  "fetchSubmodules": true,
  "deepClone": false,
  "fetchTags": false,
  "leaveDotGit": false,
  "rootDir": ""
}
,"neovim/nvim-lspconfig":{
  "url": "https://github.com/neovim/nvim-lspconfig",
  "rev": "e688b486fe9291f151eae7e5c0b5a5c4ef980847",
  "date": "2025-10-04T03:28:37Z",
  "path": "/nix/store/d53g9jbbqr2gj2xn4gz8bx20w8c5inp2-nvim-lspconfig",
  "sha256": "07gia53y7fa5i1rc0v4l40z2fjfd6vgfgsmb0dfz6hr46n6sz7ib",
  "hash": "sha256-K56vjTUkQ/NdA6vq5942zUknPiCUbMByiEW540dR8R0=",
  "fetchLFS": false,
  "fetchSubmodules": true,
  "deepClone": false,
  "fetchTags": false,
  "leaveDotGit": false,
  "rootDir": ""
}
,"ms-jpq/coq_nvim":{
  "url": "https://github.com/ms-jpq/coq_nvim",
  "rev": "d2aeb3221cb46bfd1c51afd1b247d092c52ec0d6",
  "date": "2025-09-22T00:06:49-04:00",
  "path": "/nix/store/mgaw7q0c3dzngvsqrh1fy7szlgbr8nvj-coq_nvim",
  "sha256": "1lah9jf5d7rnkhq5724i1vl072gi6nq7zbwj460bk7d07y1h5vij",
  "hash": "sha256-Mu4Cgz+gnbmAIZKvf7A18YkD6A6RiFMwnDafVpxMUNE=",
  "fetchLFS": false,
  "fetchSubmodules": true,
  "deepClone": false,
  "fetchTags": false,
  "leaveDotGit": false,
  "rootDir": ""
}
,"ms-jpq/coq.thirdparty":{
  "url": "https://github.com/ms-jpq/coq.thirdparty",
  "rev": "6ee3c221c308dca7071387267ac76c9272b184a9",
  "date": "2025-01-18T01:04:27-05:00",
  "path": "/nix/store/ylj3icr6qirxbsds4vyvz0vmch6dqy3n-coq.thirdparty",
  "sha256": "1ckk38c9szyhdg3kn09hs3xpgnvywwq7fmyzkp2vsjcz87n7180r",
  "hash": "sha256-GaBw7EGfSb3Fnd9XdzDnftt3+9AwATvHa9B/nRgac7I=",
  "fetchLFS": false,
  "fetchSubmodules": true,
  "deepClone": false,
  "fetchTags": false,
  "leaveDotGit": false,
  "rootDir": ""
}
,"SirVer/UltiSnips":{
  "url": "https://github.com/SirVer/UltiSnips",
  "rev": "b22a86f9dcc5257624bff3c72d8b902eac468aad",
  "date": "2025-06-05T18:08:18+02:00",
  "path": "/nix/store/r8gaipljznm0984q1z628qm070qmvbkm-UltiSnips",
  "sha256": "195pkgzjv24qw1y92phjmvird00filrzl5i28mm139sdshzqnx14",
  "hash": "sha256-JHSLP9RNpxFqRSIW+jONDoCW464SXpF84JiILf+bt6Q=",
  "fetchLFS": false,
  "fetchSubmodules": true,
  "deepClone": false,
  "fetchTags": false,
  "leaveDotGit": false,
  "rootDir": ""
}
,"junegunn/fzf":{
  "url": "https://github.com/junegunn/fzf",
  "rev": "b51bc6b50e90169553c48209c00c5f4d548ec0a0",
  "date": "2025-10-05T00:02:16Z",
  "path": "/nix/store/vr6knrlpycagf09j0sji8m3x0xp326ph-fzf",
  "sha256": "1cymn16vdgq7ixv60177wmh02lsjc3yg098jsxn46mp507bqiw1f",
  "hash": "sha256-LvCI1wHlVkNs1xIl8PxgUlMBYOXnBGB2jwe/tk2w1bM=",
  "fetchLFS": false,
  "fetchSubmodules": true,
  "deepClone": false,
  "fetchTags": false,
  "leaveDotGit": false,
  "rootDir": ""
}
,"junegunn/fzf.vim":{
  "url": "https://github.com/junegunn/fzf.vim",
  "rev": "879db51d0965515cdaef9b7f6bdeb91c65d2829e",
  "date": "2025-09-03T09:59:37+09:00",
  "path": "/nix/store/lhmfxap5r8hgblvlb6wgblrg0xzr1zqa-fzf.vim",
  "sha256": "0s889l2vcq2mw6x2iiqx8kmma97k3zx2yazwpbdca93z9dsnk7k9",
  "hash": "sha256-aZ5pdUt/JMXauvwrL/of8yRV60Qdxyi64VVgtgVNCGk=",
  "fetchLFS": false,
  "fetchSubmodules": true,
  "deepClone": false,
  "fetchTags": false,
  "leaveDotGit": false,
  "rootDir": ""
}
,"RishabhRD/popfix":{
  "url": "https://github.com/RishabhRD/popfix",
  "rev": "bf3cc436df63cd535350d5ef1b951c91554d4b01",
  "date": "2022-07-04T10:16:10+02:00",
  "path": "/nix/store/ksxiwfmbpn5n4svr5f78pfp1hjp65f3q-popfix",
  "sha256": "0vp8d5wln3bcmpf8qldav4hpm3yn2qnzdq0p486hdvvqvwwy8j91",
  "hash": "sha256-IUnkOd947wYNIhfg9i0W1o96IdmqUYzcrWwNS3lp6G4=",
  "fetchLFS": false,
  "fetchSubmodules": true,
  "deepClone": false,
  "fetchTags": false,
  "leaveDotGit": false,
  "rootDir": ""
}
,"RishabhRD/nvim-lsputils":{
  "url": "https://github.com/RishabhRD/nvim-lsputils",
  "rev": "ae1a4a62449863ad82c70713d5b6108f3a07917c",
  "date": "2022-01-29T17:03:35+05:30",
  "path": "/nix/store/abrrlbxsaligvi27q2xwl1cdnf4cizr3-nvim-lsputils",
  "sha256": "0xl3crhgkzmas8zdcycgk11am3wx0az4jh7fh5n4lsjip8895p4s",
  "hash": "sha256-mtySELpRakpsge5ASb4CnY+qQpiPedY+0qr++WBmg3Y=",
  "fetchLFS": false,
  "fetchSubmodules": true,
  "deepClone": false,
  "fetchTags": false,
  "leaveDotGit": false,
  "rootDir": ""
}
,"folke/trouble.nvim":{
  "url": "https://github.com/folke/trouble.nvim",
  "rev": "f176232e7759c4f8abd923c21e3e5a5c76cd6837",
  "date": "2025-09-19T09:27:46Z",
  "path": "/nix/store/vranbmxsbnk0k07q0wr82f1dypvm9kl5-trouble.nvim",
  "sha256": "0fdifa9nrvrjhccjsxzawhrmp1cqw72lvl190j0dy28mrx12n5yb",
  "hash": "sha256-yxcrQs8VCd+ABCnQTcXhmIVbM+Tqdy0ZgzLvbJNysTk=",
  "fetchLFS": false,
  "fetchSubmodules": true,
  "deepClone": false,
  "fetchTags": false,
  "leaveDotGit": false,
  "rootDir": ""
}
,"jackguo380/vim-lsp-cxx-highlight":{
  "url": "https://github.com/jackguo380/vim-lsp-cxx-highlight",
  "rev": "e0c749e955446b4e9e4cc33833fa45e30d8a15fe",
  "date": "2024-09-23T20:57:47-07:00",
  "path": "/nix/store/7xsw4d64ckg01s9n7b250yyxyn0fi46b-vim-lsp-cxx-highlight",
  "sha256": "153p37lhyvhr0702iz50s0rh41xp78vr8ksc61cwvipb0sf3xnrk",
  "hash": "sha256-M9s+nAbrxs1ZMExPlDc6twcCM9Cg/CjAARluD+kZd5Q=",
  "fetchLFS": false,
  "fetchSubmodules": true,
  "deepClone": false,
  "fetchTags": false,
  "leaveDotGit": false,
  "rootDir": ""
}
,"folke/lsp-colors.nvim":{
  "url": "https://github.com/folke/lsp-colors.nvim",
  "rev": "2bbe7541747fd339bdd8923fc45631a09bb4f1e5",
  "date": "2023-02-27T13:30:08+01:00",
  "path": "/nix/store/1ialm8ah825wrblcf8qabvqcm7kvs7rh-lsp-colors.nvim",
  "sha256": "0vmsgp0ld2y5r339q0pqm4qi1vlhbbp6c4mbgbip2li3mb6b1w3w",
  "hash": "sha256-fPCwzKojUnHjeqsSZu5akO4QMan4ApzGyMWLRsF9um4=",
  "fetchLFS": false,
  "fetchSubmodules": true,
  "deepClone": false,
  "fetchTags": false,
  "leaveDotGit": false,
  "rootDir": ""
}
,"luukvbaal/statuscol.nvim":{
  "url": "https://github.com/luukvbaal/statuscol.nvim",
  "rev": "c46172d0911aa5d49ba5f39f4351d1bb7aa289cc",
  "date": "2025-06-02T18:20:24+02:00",
  "path": "/nix/store/55frhq83jjh4wxj5p1aa948mj94fn7k8-statuscol.nvim",
  "sha256": "02aajcwrbhjxkd4hykjcwj8anv3vq09ma04sj1n49ysmkr210lcw",
  "hash": "sha256-nFEQRJ5V+0RskJoAVRPAe2yrkORMTg9Jm13ClTmTSgk=",
  "fetchLFS": false,
  "fetchSubmodules": true,
  "deepClone": false,
  "fetchTags": false,
  "leaveDotGit": false,
  "rootDir": ""
}
,"weilbith/nvim-code-action-menu":{
  "url": "https://github.com/weilbith/nvim-code-action-menu",
  "rev": "8c7672a4b04d3cc4edd2c484d05b660a9cb34a1b",
  "date": "2023-12-11T10:34:57+01:00",
  "path": "/nix/store/3qac7ifcs377jxvrld119hh4pya64yi6-nvim-code-action-menu",
  "sha256": "13rjzsw44151gk9zwl7gmmmdysb6hz1i5mcw1mprif41v0zrm3x5",
  "hash": "sha256-pY+aP9iBuJhvDZzVEsOHZmnfaq3vUP7TfKEEQrj+Mo8=",
  "fetchLFS": false,
  "fetchSubmodules": true,
  "deepClone": false,
  "fetchTags": false,
  "leaveDotGit": false,
  "rootDir": ""
}
,"HakonHarnes/img-clip.nvim":{
  "url": "https://github.com/HakonHarnes/img-clip.nvim",
  "rev": "f33f3af9ba50f99d70f8fcb1a8575750ada4ea4a",
  "date": "2025-08-30T14:07:30+02:00",
  "path": "/nix/store/kcckndy1c6wxwzzbr0zbcv40q3gbghn5-img-clip.nvim",
  "sha256": "056ikjx8q2aw5pwmsp7lg6k38bsyv3pmy5q3h0293c3pfy03bgx3",
  "hash": "sha256-o781gHd3sJEEgAMXX+/YXi80pnn0XF35LVwJjLqc0RQ=",
  "fetchLFS": false,
  "fetchSubmodules": true,
  "deepClone": false,
  "fetchTags": false,
  "leaveDotGit": false,
  "rootDir": ""
}
,"benlubas/molten-nvim":{
  "url": "https://github.com/benlubas/molten-nvim",
  "rev": "c98f8c6d7a8a801b46e4766e000c574e0402c491",
  "date": "2025-09-20T17:38:53-04:00",
  "path": "/nix/store/fk0jj0cnckm56r5rk8yyijb3vsidknkw-molten-nvim",
  "sha256": "0ldxxmr9kkm7ih6ysgmb5razczf27sz4fjhg0pr5gmigywkf2vk8",
  "hash": "sha256-aG7hJvcv1lfyBQ9KR74+wn32VS6rPu0NjKfOmXLtvVE=",
  "fetchLFS": false,
  "fetchSubmodules": true,
  "deepClone": false,
  "fetchTags": false,
  "leaveDotGit": false,
  "rootDir": ""
}
,"mfussenegger/nvim-jdtls":{
  "url": "https://github.com/mfussenegger/nvim-jdtls",
  "rev": "eca50f5aa55e3e786b6242c6a6cb745685a4fad8",
  "date": "2025-10-05T13:31:27+02:00",
  "path": "/nix/store/7pwfjhpd99gc3lcmqryx4y5gpr835k6m-nvim-jdtls",
  "sha256": "0n2i85pbmrm4y1gmx2spkg4kcrk3k6zadcmlqwz0lqxhz3cfc4p1",
  "hash": "sha256-4RLm2PiwYwo+x7Sypr6ZY2Y2yZtXi15f8KTmum5BUVg=",
  "fetchLFS": false,
  "fetchSubmodules": true,
  "deepClone": false,
  "fetchTags": false,
  "leaveDotGit": false,
  "rootDir": ""
}
,"mhinz/vim-startify":{
  "url": "https://github.com/mhinz/vim-startify",
  "rev": "4e089dffdad46f3f5593f34362d530e8fe823dcf",
  "date": "2023-09-20T14:46:23+02:00",
  "path": "/nix/store/d1x8p0lizdvg6c8k5pg0lyca5qlj70j1-vim-startify",
  "sha256": "1ycqfqnmalqzrx1yy9a1fc2p0w922x4sqv2222bi9xjzmh77z4sv",
  "hash": "sha256-W5N/Dqxf9hSXEEJsrEkXInFwBXNBJe9Dzx9TVS12mPk=",
  "fetchLFS": false,
  "fetchSubmodules": true,
  "deepClone": false,
  "fetchTags": false,
  "leaveDotGit": false,
  "rootDir": ""
}
,"liuchengxu/vista.vim":{
  "url": "https://github.com/liuchengxu/vista.vim",
  "rev": "1e90efad6e32c4f7d16b1ca8f49bf63d0693802e",
  "date": "2024-12-12T01:03:56+08:00",
  "path": "/nix/store/s6y9csfabqy3wprfg143nyj6yx6x51qh-vista.vim",
  "sha256": "1gbldkajy50x70p0m5wnbd3wvpzb4b79wmgdq8m85iyf5h1phkzf",
  "hash": "sha256-7k94AyzOx4Iqwu1Vns4i69/NR1uWlwouOB0UL9VsdL0=",
  "fetchLFS": false,
  "fetchSubmodules": true,
  "deepClone": false,
  "fetchTags": false,
  "leaveDotGit": false,
  "rootDir": ""
}
,"gabesoft/vim-ags":{
  "url": "https://github.com/gabesoft/vim-ags",
  "rev": "4b1cb6cc66345919385e71eea5140001946914f4",
  "date": "2020-01-26T17:48:55-08:00",
  "path": "/nix/store/70b4mjk1lxjin886hfyvpg69zf0c13wq-vim-ags",
  "sha256": "10gkian2dad3f4i38r0wi21sb2mqr0p93q44x2ymbmzs74yv276z",
  "hash": "sha256-3xyxPTn611W96ITgkS7IuIqlg4gcZDQicaOpJqyK84E=",
  "fetchLFS": false,
  "fetchSubmodules": true,
  "deepClone": false,
  "fetchTags": false,
  "leaveDotGit": false,
  "rootDir": ""
}
,"direnv/direnv.vim":{
  "url": "https://github.com/direnv/direnv.vim",
  "rev": "ab2a7e08dd630060cd81d7946739ac7442a4f269",
  "date": "2023-12-02T11:54:18+01:00",
  "path": "/nix/store/cdrb6zwhyx2884z0kciqrf5vy3xmj3a6-direnv.vim",
  "sha256": "1hhwfnaj9ibz17ggxvhzrkinghfy51fqfa0bs482z484jpvjc31g",
  "hash": "sha256-Lwwm95UEkS8Q0Qsoh10o3sFn48wf7v7eCX/FJJV1HMI=",
  "fetchLFS": false,
  "fetchSubmodules": true,
  "deepClone": false,
  "fetchTags": false,
  "leaveDotGit": false,
  "rootDir": ""
}
,"nicwest/vim-http":{
  "url": "https://github.com/nicwest/vim-http",
  "rev": "7eb78e9753c10ca696d80a2668831bdd2aa08a92",
  "date": "2023-08-30T11:43:39+01:00",
  "path": "/nix/store/0vpkyaa29jp0n9zz3c5lzsjmynzcxpyy-vim-http",
  "sha256": "1cc19vhd3y6azc367p172119118ba0cjxzfj3amjmfnnq62a4m1f",
  "hash": "sha256-LlSihMHWuiqrGtL9LhlQC4WQQhAn3GMG+8r40eBOgbE=",
  "fetchLFS": false,
  "fetchSubmodules": true,
  "deepClone": false,
  "fetchTags": false,
  "leaveDotGit": false,
  "rootDir": ""
}
,"vim-latex/vim-latex":{
  "url": "https://github.com/vim-latex/vim-latex",
  "rev": "08821de4f16625dfe35c9d0d18bb650102e4107f",
  "date": "2025-01-11T13:41:25+01:00",
  "path": "/nix/store/aim77c0xkp2ax3qf3xlqn5z837g4i9na-vim-latex",
  "sha256": "08nqlr3pxilj8fc106zj11nblxan0p09y4iqa91g5kn8slzhk4gg",
  "hash": "sha256-75EJP9XIzvJCUjgSn8AFVnW6bAjyGxCYQ5LGfkem2CI=",
  "fetchLFS": false,
  "fetchSubmodules": true,
  "deepClone": false,
  "fetchTags": false,
  "leaveDotGit": false,
  "rootDir": ""
}
,"vim-pandoc/vim-pandoc":{
  "url": "https://github.com/vim-pandoc/vim-pandoc",
  "rev": "a9896b7f7c09b7804dd9e200e7b96c18ecb5fa0b",
  "date": "2025-04-30T14:39:14+03:00",
  "path": "/nix/store/7z3q473j1d2213p4z1ypra8nc9prmnsg-vim-pandoc",
  "sha256": "01282v4pfjzabixrnwlfrfy84d4xxczzgc38zgk4rz831ani3681",
  "hash": "sha256-AZkRrQoD/Uzm+2iw9z/rnTSCvMuOcpt7XOpLd8kWSAQ=",
  "fetchLFS": false,
  "fetchSubmodules": true,
  "deepClone": false,
  "fetchTags": false,
  "leaveDotGit": false,
  "rootDir": ""
}
,"vim-pandoc/vim-pandoc-syntax":{
  "url": "https://github.com/vim-pandoc/vim-pandoc-syntax",
  "rev": "87929100f2497da82f19180ffa49e75a88e7c369",
  "date": "2025-09-22T14:59:47-06:00",
  "path": "/nix/store/8lv5fj3xdj2dx19zk1jhwqz6jsr7dvzv-vim-pandoc-syntax",
  "sha256": "0avjp19rjfbrqz1pk9pw7ll3pmrzs18j9xr9x0rs8gk87di515zl",
  "hash": "sha256-9JdQYjtoPqQz6Cn3JFHQP9c7KD38pnnDx3k5mVO4cis=",
  "fetchLFS": false,
  "fetchSubmodules": true,
  "deepClone": false,
  "fetchTags": false,
  "leaveDotGit": false,
  "rootDir": ""
}
,"Khelda/Vim-EPUB":{
  "url": "https://github.com/Khelda/Vim-EPUB",
  "rev": "f03c6f771f58bb81399203e0c6d8203d78a4205d",
  "date": "2024-12-10T15:30:44+01:00",
  "path": "/nix/store/ri23li5dnymg6rwi7zjiwkarypi3xxl0-Vim-EPUB",
  "sha256": "1n2nfzm3nq49df81ax8wgyhipr3rwapfc7dx88zim8wz67zjn7dq",
  "hash": "sha256-uB0r/zGfoxo/Qr0d5q7ieeQboX8cdRWQa4lgO+p3Vtg=",
  "fetchLFS": false,
  "fetchSubmodules": true,
  "deepClone": false,
  "fetchTags": false,
  "leaveDotGit": false,
  "rootDir": ""
}
,"chrisbra/csv.vim":{
  "url": "https://github.com/chrisbra/csv.vim",
  "rev": "78be83fec47de100abfe7cc1c4c26768fc892d7e",
  "date": "2025-09-22T19:33:47Z",
  "path": "/nix/store/6m8nnx6rb1hvms1a5smzifz82iwxz7zr-csv.vim",
  "sha256": "0n20brrjm0qfa22fih8apvnkcjn5mclwmrpznym2057ap3d8mpv0",
  "hash": "sha256-YN+K2rjqFCCqt//myimrxUo27b4KweiEUA6DKnNeQFg=",
  "fetchLFS": false,
  "fetchSubmodules": true,
  "deepClone": false,
  "fetchTags": false,
  "leaveDotGit": false,
  "rootDir": ""
}
,"tpope/vim-cucumber":{
  "url": "https://github.com/tpope/vim-cucumber",
  "rev": "c0c9f5fd631632d794c6aa6d8d0ab13f834a1113",
  "date": "2023-11-20T10:42:58-05:00",
  "path": "/nix/store/h72vf34pgk118w9sq8m64dqlli5940b4-vim-cucumber",
  "sha256": "1bppvd9bhpw5zlyy98sldnmd3k7v7pqkpgvhma9wfaqgdi4axw8w",
  "hash": "sha256-HPGuSGwPK8eTqnC/O/E9+8zRqm1Uo+Q9/YVfuFLb964=",
  "fetchLFS": false,
  "fetchSubmodules": true,
  "deepClone": false,
  "fetchTags": false,
  "leaveDotGit": false,
  "rootDir": ""
}
,"LnL7/vim-nix":{
  "url": "https://github.com/LnL7/vim-nix",
  "rev": "7235c7ce2cea530cb6b59bc3e46d4bfe917d15c8",
  "date": "2025-02-01T21:57:33+01:00",
  "path": "/nix/store/aigaqi8c673ff842n0iqlm103mwfqm48-vim-nix",
  "sha256": "109narpbw9kbih7ai49p1zw7j2bj7nzpk3n02z80jcbgb48zqs8y",
  "hash": "sha256-Hmn8EVlvMQnQF8COeb89cgl5+A83kagOjGsmvm5WNoE=",
  "fetchLFS": false,
  "fetchSubmodules": true,
  "deepClone": false,
  "fetchTags": false,
  "leaveDotGit": false,
  "rootDir": ""
}
,"NoahTheDuke/vim-just":{
  "url": "https://github.com/NoahTheDuke/vim-just",
  "rev": "3deeee5998408ce5a0ff3959a0e6b4bce530c37e",
  "date": "2025-10-02T23:52:46-06:00",
  "path": "/nix/store/19pqqyppgyiwhxa9jxbwad2lr7zijbip-vim-just",
  "sha256": "0h8xpnn3d45ny7jys8yivcss8qsmv7p704rd25ag4l4nbw7ivv7m",
  "hash": "sha256-9ewdD1+WUPJUES0TcO7ZVWOkNdvRI+3l8baQNqy9HUE=",
  "fetchLFS": false,
  "fetchSubmodules": true,
  "deepClone": false,
  "fetchTags": false,
  "leaveDotGit": false,
  "rootDir": ""
}
,"nvim-lua/plenary.nvim":{
  "url": "https://github.com/nvim-lua/plenary.nvim",
  "rev": "b9fd5226c2f76c951fc8ed5923d85e4de065e509",
  "date": "2025-07-26T18:57:48-04:00",
  "path": "/nix/store/bz16vwapqzqr7082z4yx857na57qawjb-plenary.nvim",
  "sha256": "1kg043h7dqcrqqgg8pp6hsldx7jdhlh8qwad2kkckia191xgnjgm",
  "hash": "sha256-9Un7ekhBxcnmFE1xjCCFTZ7eqIbmXvQexpnhduAg4M0=",
  "fetchLFS": false,
  "fetchSubmodules": true,
  "deepClone": false,
  "fetchTags": false,
  "leaveDotGit": false,
  "rootDir": ""
}
,"tanvirtin/vgit.nvim":{
  "url": "https://github.com/tanvirtin/vgit.nvim",
  "rev": "a7be45a2726ade74c4c669c56c36310d840c85a8",
  "date": "2025-05-18T19:56:29-04:00",
  "path": "/nix/store/jvvs430r483xpbq09wq3mm2jzffrm9y2-vgit.nvim",
  "sha256": "0myk62x1jbrp0kbhawzdi81snrhy06rw76bdvc5v4d071m5dafaa",
  "hash": "sha256-SjnVSg0HNLIL222Zw7MBHmarA4rtcwXXBDcvGbow01c=",
  "fetchLFS": false,
  "fetchSubmodules": true,
  "deepClone": false,
  "fetchTags": false,
  "leaveDotGit": false,
  "rootDir": ""
}
,"akinsho/git-conflict.nvim":{
  "url": "https://github.com/akinsho/git-conflict.nvim",
  "rev": "a1badcd070d176172940eb55d9d59029dad1c5a6",
  "date": "2024-12-27T22:53:23Z",
  "path": "/nix/store/apdm2d3jn6jf35xlbfh9wn2fx5ik9m88-git-conflict.nvim",
  "sha256": "05rnwhm1fmg3yb7j2xc9nmw262jc687qxhwabn97qarrk2da0r0a",
  "hash": "sha256-CmSgmpg5K3ySXYrDjg8yTAojeLWJdSHP8uNVFyrkNhc=",
  "fetchLFS": false,
  "fetchSubmodules": true,
  "deepClone": false,
  "fetchTags": false,
  "leaveDotGit": false,
  "rootDir": ""
}
,"lukas-reineke/indent-blankline.nvim":{
  "url": "https://github.com/lukas-reineke/indent-blankline.nvim",
  "rev": "005b56001b2cb30bfa61b7986bc50657816ba4ba",
  "date": "2025-03-18T00:17:57+09:00",
  "path": "/nix/store/y5bi05bxj1z600736r1312dhi72wdjc8-indent-blankline.nvim",
  "sha256": "1rmpi866bg7hyw620hbgmmmksxgll9ilbpigd1kk9b0lpvwxbbyj",
  "hash": "sha256-0q/V+b4UrDRnaC/eRWOi9HU9a61vQSAM9/C8ZQyKt+Y=",
  "fetchLFS": false,
  "fetchSubmodules": true,
  "deepClone": false,
  "fetchTags": false,
  "leaveDotGit": false,
  "rootDir": ""
}
,"Glench/Vim-Jinja2-Syntax":{
  "url": "https://github.com/Glench/Vim-Jinja2-Syntax",
  "rev": "2c17843b074b06a835f88587e1023ceff7e2c7d1",
  "date": "2021-06-22T10:26:45-04:00",
  "path": "/nix/store/20jd519vqi6rpiygipqjaf35xpw8n2yk-Vim-Jinja2-Syntax",
  "sha256": "13mfzsw3kr3r826wkpd3jhh1sy2j10hlj1bv8n8r01hpbngikfg7",
  "hash": "sha256-57kZn10XBpCRRXsFSSEIUngdIJSj3cmNQHnkObj+ro4=",
  "fetchLFS": false,
  "fetchSubmodules": true,
  "deepClone": false,
  "fetchTags": false,
  "leaveDotGit": false,
  "rootDir": ""
}
,"Shirk/vim-gas":{
  "url": "https://github.com/Shirk/vim-gas",
  "rev": "fb0442f37e2db49a2e7a18e21dfc87a443020c8d",
  "date": "2023-12-28T14:34:40+01:00",
  "path": "/nix/store/iknd014x405p1z3ll2sw8bhdzxma3gfs-vim-gas",
  "sha256": "1lqq2a1g0lrjpdbjfvqhxjhr6qkcj237n6w9vp89b7ywgzpff5zm",
  "hash": "sha256-9Rfn7n/cn5XQ3Ykbe4aQbGKToewQbydXuzJT8IISGNM=",
  "fetchLFS": false,
  "fetchSubmodules": true,
  "deepClone": false,
  "fetchTags": false,
  "leaveDotGit": false,
  "rootDir": ""
}
,"leissa/vim-acme":{
  "url": "https://github.com/leissa/vim-acme",
  "rev": "f16df0fd2721a3b2e96d09346b5ed49de68c6919",
  "date": "2024-12-10T11:09:07+01:00",
  "path": "/nix/store/i0sgawa1ifv1dcifr19vcb9fbjpj68fh-vim-acme",
  "sha256": "1nwz4ryi5wf09nxv4qq0hyi2gx6jggkz0mz36i4vhdib8d8v7iaa",
  "hash": "sha256-SsWzUUMrNrhJNONX8Od70vQnoocAY7K7TcDxEn0mn9s=",
  "fetchLFS": false,
  "fetchSubmodules": true,
  "deepClone": false,
  "fetchTags": false,
  "leaveDotGit": false,
  "rootDir": ""
}
,"mg979/vim-visual-multi":{
  "url": "https://github.com/mg979/vim-visual-multi",
  "rev": "a6975e7c1ee157615bbc80fc25e4392f71c344d4",
  "date": "2024-09-01T20:09:22+02:00",
  "path": "/nix/store/bi6707110gsqf48i6fs2xk13h0h6p0lc-vim-visual-multi",
  "sha256": "15jrxvaip6mncl8b8q8c1i82m20m1mld11gv75x9hqng3y85cc1b",
  "hash": "sha256-KzBWkB/PYph6OfuF0GgNFYgqUAwMYbQQZbaaG9XuWZY=",
  "fetchLFS": false,
  "fetchSubmodules": true,
  "deepClone": false,
  "fetchTags": false,
  "leaveDotGit": false,
  "rootDir": ""
}
,"google/vim-jsonnet":{
  "url": "https://github.com/google/vim-jsonnet",
  "rev": "4ebc6619ddce5d032a985b42a9864154c3d20e4a",
  "date": "2023-02-20T14:34:00Z",
  "path": "/nix/store/7fbcbjpgj9kb5kgqmji3p1616mvnhw5q-vim-jsonnet",
  "sha256": "1z2zk2wqfv58qxd8pa4hrpyhi5nlgf8m4gqb9f31pdnb78ci860a",
  "hash": "sha256-ChgUGTrLthuGSws/UpF71JYI/c2QqItax6hsh7mYX/w=",
  "fetchLFS": false,
  "fetchSubmodules": true,
  "deepClone": false,
  "fetchTags": false,
  "leaveDotGit": false,
  "rootDir": ""
}
,"purescript-contrib/purescript-vim":{
  "url": "https://github.com/purescript-contrib/purescript-vim",
  "rev": "82348352e6568fcc0385bd7c99a8ead3a479feea",
  "date": "2023-02-06T16:11:01+07:00",
  "path": "/nix/store/c5dykh9mvpmpfjx7j3nxy1qvjvwfk3n8-purescript-vim",
  "sha256": "14729v7rndi3l8fpnbzapgwb4dj7537fik54g6frm1r1724f5cr2",
  "hash": "sha256-IrPiiDghh5qdeaTM6M4oRzay+LvqL3sdoiM2m89O4pA=",
  "fetchLFS": false,
  "fetchSubmodules": true,
  "deepClone": false,
  "fetchTags": false,
  "leaveDotGit": false,
  "rootDir": ""
}
,"whonore/Coqtail":{
  "url": "https://github.com/whonore/Coqtail",
  "rev": "b12c31e8aa8d0f3bddd9a804b315a0de0823b989",
  "date": "2025-08-03T13:09:22-07:00",
  "path": "/nix/store/b1lyj5dp40mnkwr9cqv1z5lcr8qaymff-Coqtail",
  "sha256": "1lns9vrchs6prdxpxz998z94fsy99k5a7yd3wl2kmywx3pk1d6b4",
  "hash": "sha256-ZJkW5h2d+zoF5aP5o8pMyWtH0kcp/X57y9doyPJO2tI=",
  "fetchLFS": false,
  "fetchSubmodules": true,
  "deepClone": false,
  "fetchTags": false,
  "leaveDotGit": false,
  "rootDir": ""
}
,"tomtomjhj/coq-lsp.nvim":{
  "url": "https://github.com/tomtomjhj/coq-lsp.nvim",
  "rev": "2a6ec9e86057f17950b72f496be675520d3d19f6",
  "date": "2025-09-27T00:39:34+09:00",
  "path": "/nix/store/aj3n0pvih5yvgswd96nphas7c739959g-coq-lsp.nvim",
  "sha256": "1a45345nqr0hygagsqrqh0v1a1254qv10fh8rp3rkgqsqvj9sdcy",
  "hash": "sha256-njWd5MYav5nHzQg6EDYmRQQVNoA4Y/3U8xBkbAsZhag=",
  "fetchLFS": false,
  "fetchSubmodules": true,
  "deepClone": false,
  "fetchTags": false,
  "leaveDotGit": false,
  "rootDir": ""
}
,"wilt00/vim-y86-syntax":{
  "url": "https://github.com/wilt00/vim-y86-syntax",
  "rev": "1861343c2cbc7ced636b88f4efc81dcd07eb6bd1",
  "date": "2018-03-06T14:29:13-06:00",
  "path": "/nix/store/gxhirsim3c8nd59jvakndm39nymmi645-vim-y86-syntax",
  "sha256": "1w26m2aw3f86s53lsw8304i2gss0844p9wxw235ksmwsw0pafmx9",
  "hash": "sha256-qVenLuCaVz3LELzzdAlBQOsnIgEDcU1H0Qa5wZWoRvA=",
  "fetchLFS": false,
  "fetchSubmodules": true,
  "deepClone": false,
  "fetchTags": false,
  "leaveDotGit": false,
  "rootDir": ""
}
,"m42e/vim-gcov-marker":{
  "url": "https://github.com/m42e/vim-gcov-marker",
  "rev": "fc79ff9558126b53fd103cae41f6834e60fe85f5",
  "date": "2018-03-27T20:08:28+02:00",
  "path": "/nix/store/rsrn4fwh3zv047mmmd4drkjjf1vcdsjv-vim-gcov-marker",
  "sha256": "06v7ziyb2dbxlqvq2i40qhr1as6kxj7yl9dw9yfqx51c07r66f7v",
  "hash": "sha256-+zhj8gEslI6dT7wl6o/s02gVMsSARIE3pn01sXz8Zxs=",
  "fetchLFS": false,
  "fetchSubmodules": true,
  "deepClone": false,
  "fetchTags": false,
  "leaveDotGit": false,
  "rootDir": ""
}
,"ELLIOTTCABLE/vim-menhir":{
  "url": "https://github.com/ELLIOTTCABLE/vim-menhir",
  "rev": "7e9ebe0c129e3c9eeb50b6beb09cf0feef131e8e",
  "date": "2019-01-22T22:18:10-06:00",
  "path": "/nix/store/g5762aw99l1bpb78jsrbn8m2m0h963k0-vim-menhir",
  "sha256": "070y2gvrw2w5yh9g4mglkdk0afqm42a6klvby327wmd9rq3prcah",
  "hash": "sha256-ULF8B86pVX7E8GvTaZQgFTsFZpv0VfIS9IULnvcTHhw=",
  "fetchLFS": false,
  "fetchSubmodules": true,
  "deepClone": false,
  "fetchTags": false,
  "leaveDotGit": false,
  "rootDir": ""
}
,"petRUShka/vim-opencl":{
  "url": "https://github.com/petRUShka/vim-opencl",
  "rev": "7668b018fe9461c6b51e0b736ed84aa84d6bafce",
  "date": "2018-06-13T20:20:28+03:00",
  "path": "/nix/store/fqfhrz5ggqq2afpn607i8wvxfwfcs201-vim-opencl",
  "sha256": "0z8qasymkkaa272bjxmkp4sgd8qr4ypcqxlyzxgh5imp3gmrc6n1",
  "hash": "sha256-wRqW6xu3xgJf/552zK4nGaP2NLmzdrnEEUrNWb1WGH0=",
  "fetchLFS": false,
  "fetchSubmodules": true,
  "deepClone": false,
  "fetchTags": false,
  "leaveDotGit": false,
  "rootDir": ""
}
,"martinlroth/vim-acpi-asl":{
  "url": "https://github.com/martinlroth/vim-acpi-asl",
  "rev": "3397682276eba0e9af8391fe25087bed79a7aec5",
  "date": "2016-07-30T14:42:19-06:00",
  "path": "/nix/store/cs50lrgp2c9z547srcrjyaphfqbdc9w6-vim-acpi-asl",
  "sha256": "0wvi23pw1rc2a7gfc3ir06i4swfv2l5ki3ggyf5ngh8qhkryf2qs",
  "hash": "sha256-Ggvn84QYwWeL8++NOAsV23FNogE5DubeUYLlwO8QcXM=",
  "fetchLFS": false,
  "fetchSubmodules": true,
  "deepClone": false,
  "fetchTags": false,
  "leaveDotGit": false,
  "rootDir": ""
}
,"ryanoasis/vim-devicons":{
  "url": "https://github.com/ryanoasis/vim-devicons",
  "rev": "71f239af28b7214eebb60d4ea5bd040291fb7e33",
  "date": "2022-10-02T03:28:33+09:00",
  "path": "/nix/store/5lccjk9w33sz1lc0bd3r5hjvwa7rqhpj-vim-devicons",
  "sha256": "0kshppxgi63wn96a8h9zv7drwqcbljin5jhszh8q7pqw2xsd83gn",
  "hash": "sha256-9g3UdBcc34MR/BrKYqOki2Ge29k/QaRMsnyY+Pq9UE8=",
  "fetchLFS": false,
  "fetchSubmodules": true,
  "deepClone": false,
  "fetchTags": false,
  "leaveDotGit": false,
  "rootDir": ""
}
,"Jorengarenar/vim-syntaxMarkerFold":{
  "url": "https://github.com/Jorengarenar/vim-syntaxMarkerFold",
  "rev": "ee835c7ed2e678b8920439b07608b1094acae269",
  "date": "2024-08-11T17:30:41+02:00",
  "path": "/nix/store/fwl5fclq77yiyl8qlgljr8rfmyc7w3q8-vim-syntaxMarkerFold",
  "sha256": "10lqy4hsy0dcfj25qddkwfff9amzx9vn44mby45d733mzrppwfim",
  "hash": "sha256-NTp+b/51jNMK8asSYnfqv6rknOOzNVyEdKwBryHxmII=",
  "fetchLFS": false,
  "fetchSubmodules": true,
  "deepClone": false,
  "fetchTags": false,
  "leaveDotGit": false,
  "rootDir": ""
}
}, "packages": [], "lsp-packages": ["arduino-language-server","asm-lsp","ccls","cmake-language-server","dot-language-server","marksman","nixd","python3Packages.python-lsp-server","rust-analyzer","spectral-language-server","dot-language-server","marksman","spectral-language-server"]}
