{ "repos": {"junegunn/vim-plug":{
  "url": "https://github.com/junegunn/vim-plug",
  "rev": "3f17a5cc3d7b0b7699bb5963fef9435a839dada0",
  "date": "2025-11-06T13:41:49+09:00",
  "path": "/nix/store/9ywyd2lw638wpvcqs5zyh2ji76n11xx9-vim-plug",
  "sha256": "1jh5iqq3qxsfqf1p2fr6gjjc3ri272b0qaf5i26ix5dvcl4jd55i",
  "hash": "sha256-sZQmCWW7lR6NiMUpDJY4IubBpHwmO3GDw053PDCOBco=",
  "fetchLFS": false,
  "fetchSubmodules": true,
  "deepClone": false,
  "fetchTags": false,
  "leaveDotGit": false,
  "rootDir": ""
}
,"Khelda/vimthemes":{
  "url": "https://github.com/Khelda/vimthemes",
  "rev": "d4e6a028cf1a308895a131ccc09652906d5d9ea0",
  "date": "2025-11-14T11:29:56+01:00",
  "path": "/nix/store/x56xr12x4a074r8c87jcq0xawc8ihg7y-vimthemes",
  "sha256": "0sb9bk94vg5bfpknlv0w150avfgdn0md2wzsivaigx18xmyr8ywg",
  "hash": "sha256-j3uUfe0o9BfVjvpz0Sqw7bmtQAkcbGrndau8TdJcaWk=",
  "fetchLFS": false,
  "fetchSubmodules": true,
  "deepClone": false,
  "fetchTags": false,
  "leaveDotGit": false,
  "rootDir": ""
}
,"eero-lehtinen/oklch-color-picker.nvim":{
  "url": "https://github.com/eero-lehtinen/oklch-color-picker.nvim",
  "rev": "46c70c300db2cbc9421a5ef89702554e0342879e",
  "date": "2026-01-06T20:57:54+02:00",
  "path": "/nix/store/1788ng8d8n8xryxn2cr20x0k0qq9ak8c-oklch-color-picker.nvim",
  "sha256": "19nwls3ylhvq4vjds4s8x0cscz4mcwz26dl7iy51wxww1xyv8cfp",
  "hash": "sha256-1zG0fQ+cdx6Kj4c2Iz5nlXymGehIE93kJnhD6oem3KY=",
  "fetchLFS": false,
  "fetchSubmodules": true,
  "deepClone": false,
  "fetchTags": false,
  "leaveDotGit": false,
  "rootDir": ""
}
,"rktjmp/fwatch.nvim":{
  "url": "https://github.com/rktjmp/fwatch.nvim",
  "rev": "a691f7349dc66285cd75a1a698dd28bca45f2bf8",
  "date": "2022-07-04T18:27:44+10:00",
  "path": "/nix/store/1zbwjhfhqls0b9z127fx3qxyangswnvx-fwatch.nvim",
  "sha256": "0y8jqmpy85h6g1gjs36qpqvq9abhd7d9bmaiq7bnh7xjvvzg290v",
  "hash": "sha256-GyTx/t6yH2jXwVHVldppcKmEN77YDC1feAYW5G/FEnk=",
  "fetchLFS": false,
  "fetchSubmodules": true,
  "deepClone": false,
  "fetchTags": false,
  "leaveDotGit": false,
  "rootDir": ""
}
,"junegunn/goyo.vim":{
  "url": "https://github.com/junegunn/goyo.vim",
  "rev": "9c72fdf2d202914318581f9f0dd09fd102f8504d",
  "date": "2025-12-21T18:46:00+09:00",
  "path": "/nix/store/vg7s1h2kc5ab1grxb2fccp3nacb900ac-goyo.vim",
  "sha256": "0vm56xr5yw44v3rgrkb9id98nq776yxg8z282imlk1irhwsxjq23",
  "hash": "sha256-Q2DZNYc5hklrFEh89Lo352CLUotpzfzy2IRwX3I3pW4=",
  "fetchLFS": false,
  "fetchSubmodules": true,
  "deepClone": false,
  "fetchTags": false,
  "leaveDotGit": false,
  "rootDir": ""
}
,"junegunn/limelight.vim":{
  "url": "https://github.com/junegunn/limelight.vim",
  "rev": "0c8cc7f503a775c505dc9c67f1f5041ab4d5f1fd",
  "date": "2024-09-12T18:17:43+09:00",
  "path": "/nix/store/5b3m19rmxhrjx4hnqck5gbqixmb19r77-limelight.vim",
  "sha256": "0qdll4x01912ldlv9ixh5z4zn8fddybc9mv53c8dx2advkglb6cg",
  "hash": "sha256-j5lF39xNid4QG2XXxJZvzSH7yS+wx7RpoyKkADqhtGE=",
  "fetchLFS": false,
  "fetchSubmodules": true,
  "deepClone": false,
  "fetchTags": false,
  "leaveDotGit": false,
  "rootDir": ""
}
,"nvim-lualine/lualine.nvim":{
  "url": "https://github.com/nvim-lualine/lualine.nvim",
  "rev": "47f91c416daef12db467145e16bed5bbfe00add8",
  "date": "2025-11-23T02:31:30Z",
  "path": "/nix/store/19lcfnv7bqamwwlr4jycxhl69k0jrcnv-lualine.nvim",
  "sha256": "1q34vy3rcwv4nz1b2n2hvp2yxs8clczzvyf3mpvcir8bxcgxk4is",
  "hash": "sha256-OpLZH+sL5cj2rcP5/T+jDOnuxd1QWLHCt2RzloffZOA=",
  "fetchLFS": false,
  "fetchSubmodules": true,
  "deepClone": false,
  "fetchTags": false,
  "leaveDotGit": false,
  "rootDir": ""
}
,"romgrk/barbar.nvim":{
  "url": "https://github.com/romgrk/barbar.nvim",
  "rev": "539d73def39c9172b4d4d769f14090e08f37b29d",
  "date": "2025-12-02T07:33:19-05:00",
  "path": "/nix/store/dg0zi7cynd4p543wxz47ffb2yzy5cchc-barbar.nvim",
  "sha256": "03ricz5qqrrnvplyg36gac255al6jjwycs1yfqsxrmiz6mwjl6my",
  "hash": "sha256-vhoqeTU/1tw1dj5o5rmUhqpSBFPPjOfp3TZnjMtnMQ8=",
  "fetchLFS": false,
  "fetchSubmodules": true,
  "deepClone": false,
  "fetchTags": false,
  "leaveDotGit": false,
  "rootDir": ""
}
,"mikesmithgh/kitty-scrollback.nvim":{
  "url": "https://github.com/mikesmithgh/kitty-scrollback.nvim",
  "rev": "8026a3715a93c7302d6bc4979f64102885ad1fc7",
  "date": "2026-01-04T12:44:23Z",
  "path": "/nix/store/j5a1il1hn8nj3ym9zch6znkdz21h9wx7-kitty-scrollback.nvim",
  "sha256": "1xc96bp348cr7fsb7pnyqab8dlis41v0fhpcx5703v4589xw5ivz",
  "hash": "sha256-f8fCe0KF7AFO6exCB3YgOtKGlsLe3rO0O5khMu4yifU=",
  "fetchLFS": false,
  "fetchSubmodules": true,
  "deepClone": false,
  "fetchTags": false,
  "leaveDotGit": false,
  "rootDir": ""
}
,"MunifTanjim/nui.nvim":{
  "url": "https://github.com/MunifTanjim/nui.nvim",
  "rev": "de740991c12411b663994b2860f1a4fd0937c130",
  "date": "2025-06-08T20:26:28+06:00",
  "path": "/nix/store/wxbrcaxl9d8zy9ig6gili46sqjnyzw7m-nui.nvim",
  "sha256": "0l1ga86dr2rhfjshiicsw3nn03wrhmdqks8v1gn3xmzdgfd2anz3",
  "hash": "sha256-41slmnvt1z7sCxvpiVuFmQ9g7eCaxQi1dDCL3AxSL1A=",
  "fetchLFS": false,
  "fetchSubmodules": true,
  "deepClone": false,
  "fetchTags": false,
  "leaveDotGit": false,
  "rootDir": ""
}
,"folke/noice.nvim":{
  "url": "https://github.com/folke/noice.nvim",
  "rev": "7bfd942445fb63089b59f97ca487d605e715f155",
  "date": "2025-11-03T17:33:44+01:00",
  "path": "/nix/store/h40iqiv9jd238hnwnfrihwyj4cr4psck-noice.nvim",
  "sha256": "02mc75dqn7h4ylgynpd9vsjx3y51rcys95l9ax1wiilgb4ay3b0l",
  "hash": "sha256-FKzhFVmPxshDV4mWpD3LofjRpd6pXesf9QQei1s5rAo=",
  "fetchLFS": false,
  "fetchSubmodules": true,
  "deepClone": false,
  "fetchTags": false,
  "leaveDotGit": false,
  "rootDir": ""
}
,"MunifTanjim/exrc.nvim":{
  "url": "https://github.com/MunifTanjim/exrc.nvim",
  "rev": "0aae882db72885ade36641d677a22204c72e50f4",
  "date": "2022-12-28T13:55:23+06:00",
  "path": "/nix/store/56yx2hj49pdbrp22j3nasng16ggzy3y6-exrc.nvim",
  "sha256": "0cl9jm6iya720nzhk575jr08f4jb63jh8lvqsb4fcj4j4jx057gv",
  "hash": "sha256-+50CuiSSSObI0nhTBOUwSxKHQJbllAm/BeIoH02ViTI=",
  "fetchLFS": false,
  "fetchSubmodules": true,
  "deepClone": false,
  "fetchTags": false,
  "leaveDotGit": false,
  "rootDir": ""
}
,"mattn/webapi-vim":{
  "url": "https://github.com/mattn/webapi-vim",
  "rev": "70c49ada7827d3545a65cbdab04c5c89a3a8464e",
  "date": "2022-11-23T14:23:37+09:00",
  "path": "/nix/store/acjd3b56r89ljs5k0kc8wimf3dn6js2g-webapi-vim",
  "sha256": "0sqhx4h2qchihf37g5fpa3arpxrnzsfpjj34ca3sdn4db89a0c8n",
  "hash": "sha256-FjGgElqN2KaHYmRIeZ3+Nveb1VDXlXeGgxEyLCDpEGs=",
  "fetchLFS": false,
  "fetchSubmodules": true,
  "deepClone": false,
  "fetchTags": false,
  "leaveDotGit": false,
  "rootDir": ""
}
,"rust-lang/rust.vim":{
  "url": "https://github.com/rust-lang/rust.vim",
  "rev": "889b9a7515db477f4cb6808bef1769e53493c578",
  "date": "2022-11-27T16:26:22+02:00",
  "path": "/nix/store/whswkank97mzh92b0n3l5bz8lkvw915b-rust.vim",
  "sha256": "1xklq4g6dvqd3a5msnrir899hzqmjkscpb8bq9wd4fi3ivmjjjgg",
  "hash": "sha256-70kp644jOtJ4wguty/SUFX+YEsoxW12LGg3vZh7BdPY=",
  "fetchLFS": false,
  "fetchSubmodules": true,
  "deepClone": false,
  "fetchTags": false,
  "leaveDotGit": false,
  "rootDir": ""
}
,"rcarriga/nvim-notify":{
  "url": "https://github.com/rcarriga/nvim-notify",
  "rev": "8701bece920b38ea289b457f902e2ad184131a5d",
  "date": "2025-09-06T21:22:11+01:00",
  "path": "/nix/store/00pp9yina1pkmdjh53nbfn5kwp1psawn-nvim-notify",
  "sha256": "1qsxv5w8pb4pv0963lwhsy21cgi75mw2a0s20vm1821y6qr97d47",
  "hash": "sha256-h7STMjY+CBTqBkIDJXgtJz4WhNeQ02ES2Jesi3jZXeM=",
  "fetchLFS": false,
  "fetchSubmodules": true,
  "deepClone": false,
  "fetchTags": false,
  "leaveDotGit": false,
  "rootDir": ""
}
,"ncm2/float-preview.nvim":{
  "url": "https://github.com/ncm2/float-preview.nvim",
  "rev": "cd7974292f1bb87ed987a2b0e7ae6b632aa14ed6",
  "date": "2023-07-04T11:47:39+08:00",
  "path": "/nix/store/f9cg7rmzx90hmkny6z4fzzgxrrwnmc0s-float-preview.nvim",
  "sha256": "1i2fgki7zkmwmrs1jxb8yp4f1z4jnr1yvmyh1p1y1fv4hyairjfn",
  "hash": "sha256-1skclYdku+DDDdDX7UO2kvzgyPVodRl0rrzOf+J8TsQ=",
  "fetchLFS": false,
  "fetchSubmodules": true,
  "deepClone": false,
  "fetchTags": false,
  "leaveDotGit": false,
  "rootDir": ""
}
,"kevinhwang91/nvim-bqf":{
  "url": "https://github.com/kevinhwang91/nvim-bqf",
  "rev": "ba2b365969d7c2c6301d48e13aeee59568765529",
  "date": "2025-11-17T12:16:26+08:00",
  "path": "/nix/store/0i6nx5vd9plqady6skm053hpl4ncyvi1-nvim-bqf",
  "sha256": "0lz3m6v8dckqliw2fcgag2h1wrkaxdfqid6b0qw46ynz20kp77d4",
  "hash": "sha256-pJ1zJxDfekM4Bsu0iF3ramYeoHjqMSd4pHiyhrap41M=",
  "fetchLFS": false,
  "fetchSubmodules": true,
  "deepClone": false,
  "fetchTags": false,
  "leaveDotGit": false,
  "rootDir": ""
}
,"nvim-treesitter/nvim-treesitter":{
  "url": "https://github.com/nvim-treesitter/nvim-treesitter",
  "rev": "5a7e5638e7d220575b1c22c8a2e099b52231886e",
  "date": "2026-01-10T10:39:10+01:00",
  "path": "/nix/store/nm2i70ha5mjyfy17ca772wjsnxg60hw4-nvim-treesitter",
  "sha256": "0k2vipyvw59lwh0jsfjj6k26rw5ahhqzgghgj99bm8l6m68c0hyl",
  "hash": "sha256-1EPAkKmGorpSkg++9zGEqvBsxDRSOi0B5DQVvv2NW0w=",
  "fetchLFS": false,
  "fetchSubmodules": true,
  "deepClone": false,
  "fetchTags": false,
  "leaveDotGit": false,
  "rootDir": ""
}
,"nvim-treesitter/nvim-treesitter-context":{
  "url": "https://github.com/nvim-treesitter/nvim-treesitter-context",
  "rev": "64dd4cf3f6fd0ab17622c5ce15c91fc539c3f24a",
  "date": "2025-12-06T15:17:09+01:00",
  "path": "/nix/store/q15jxykngmnj0v8iwv60m938hdh0hlw9-nvim-treesitter-context",
  "sha256": "0dmcpn7l1f4bxvfa4li9sw8k1a5gh0r9zslflb5yrnax1ww71nyw",
  "hash": "sha256-3NtwOA9d2ezLoo7qnzKAr6gwEdcpUqLc7ou4QI+9rDY=",
  "fetchLFS": false,
  "fetchSubmodules": true,
  "deepClone": false,
  "fetchTags": false,
  "leaveDotGit": false,
  "rootDir": ""
}
,"kyazdani42/nvim-tree.lua":{
  "url": "https://github.com/kyazdani42/nvim-tree.lua",
  "rev": "b8b44b6a2494d086a9177251a119f9daec6cace8",
  "date": "2025-12-20T11:59:20+11:00",
  "path": "/nix/store/7pvm1j58c5p0si2irs6xh2myl1slggzn-nvim-tree.lua",
  "sha256": "0qrg81p4mx47jqj4j0mmi6wpgy9m0nwrpih9gcj418znzzsspgq6",
  "hash": "sha256-Br+r9f/2o0AkewnGm7kFNfl3uYm1Akkklof0Sm5AL2M=",
  "fetchLFS": false,
  "fetchSubmodules": true,
  "deepClone": false,
  "fetchTags": false,
  "leaveDotGit": false,
  "rootDir": ""
}
,"kyazdani42/nvim-web-devicons":{
  "url": "https://github.com/kyazdani42/nvim-web-devicons",
  "rev": "6788013bb9cb784e606ada44206b0e755e4323d7",
  "date": "2025-12-21T14:26:34+11:00",
  "path": "/nix/store/sgdiry9z2kr8x08y016np6i0xg06xxn6-nvim-web-devicons",
  "sha256": "0vjsv8kllbyw5jjyr69ayk5gzp050y024647ggjl42zz9xvm3lb5",
  "hash": "sha256-ZdFRd0//C0Lle4cYIoAHBdz/yvQqmeylLNwvSifaWm4=",
  "fetchLFS": false,
  "fetchSubmodules": true,
  "deepClone": false,
  "fetchTags": false,
  "leaveDotGit": false,
  "rootDir": ""
}
,"neovim/nvim-lspconfig":{
  "url": "https://github.com/neovim/nvim-lspconfig",
  "rev": "92ee7d42320edfbb81f3cad851314ab197fa324a",
  "date": "2026-01-08T21:05:42Z",
  "path": "/nix/store/q7smlqywq6ms2s7sx69b8m0yw9vgj26a-nvim-lspconfig",
  "sha256": "040my3sw1i84zf830z7sqkll6v9nfya90z6125a25xr1z9lzxs80",
  "hash": "sha256-AOn+afoh9yJUEcF8kJR3Nm1D6cT6fDCQ+wTFwPXwFRA=",
  "fetchLFS": false,
  "fetchSubmodules": true,
  "deepClone": false,
  "fetchTags": false,
  "leaveDotGit": false,
  "rootDir": ""
}
,"saghen/blink.cmp":{
  "url": "https://github.com/saghen/blink.cmp",
  "rev": "6a4914ca987453464a7dfc7fc237a992adb567d0",
  "date": "2026-01-04T16:19:40+01:00",
  "path": "/nix/store/awzm8kib1nv0851mmbjmckqyzwbxk7gh-blink.cmp",
  "sha256": "1zz7lnhqlqlj2kjhmp92jj3jv40dbq0pksgipryr05dl13vs75hw",
  "hash": "sha256-HJaj9wi0FZB9vvHpeQFeDZAth5Qi3QrlFJJiiqGl5/8=",
  "fetchLFS": false,
  "fetchSubmodules": true,
  "deepClone": false,
  "fetchTags": false,
  "leaveDotGit": false,
  "rootDir": ""
}
,"rachartier/tiny-code-action.nvim":{
  "url": "https://github.com/rachartier/tiny-code-action.nvim",
  "rev": "f4a154569146d29fd4661ae289d83c4378135736",
  "date": "2026-01-09T22:40:44+01:00",
  "path": "/nix/store/7h8fs9g0p8b3n61gba6q1zgdp6qad11c-tiny-code-action.nvim",
  "sha256": "0ax7v3l5jfbsp2pv5kp4svv44qhx4whripwih2mx4g3vza33hxbz",
  "hash": "sha256-f3U4hvp7PNKrgJHfmCEnHWJC9tbkzrKvuHo5WejYpys=",
  "fetchLFS": false,
  "fetchSubmodules": true,
  "deepClone": false,
  "fetchTags": false,
  "leaveDotGit": false,
  "rootDir": ""
}
,"junegunn/fzf":{
  "url": "https://github.com/junegunn/fzf",
  "rev": "3f94bcb5bf93b0c04a7fc4087dff8f99e84e4a9b",
  "date": "2026-01-09T00:29:40+09:00",
  "path": "/nix/store/h6mi3rh3db0idmjs3zibqlpxfla096mw-fzf",
  "sha256": "191fbvd63m6x3ij5vp2jcndb464dn1zcfdvl50n7p1jh22313bi6",
  "hash": "sha256-Jq4RhhBQhnssKHQ3x36wjRiymmVS3F1kHN3UYdpeLqQ=",
  "fetchLFS": false,
  "fetchSubmodules": true,
  "deepClone": false,
  "fetchTags": false,
  "leaveDotGit": false,
  "rootDir": ""
}
,"junegunn/fzf.vim":{
  "url": "https://github.com/junegunn/fzf.vim",
  "rev": "ddc14a6a5471147e2a38e6b32a7268282f669b0a",
  "date": "2025-12-09T08:49:13+09:00",
  "path": "/nix/store/f1351hb31vjzm88lhfjjkfv0kshx5kz2-fzf.vim",
  "sha256": "07n3g0gggpi3mpfikflr5vsmc63bkrzcv296xinhap3pivcryn4s",
  "hash": "sha256-mlif2Y53XAVt7CaJzX6eaxhW9S6ZuhndrSPe9x54wx4=",
  "fetchLFS": false,
  "fetchSubmodules": true,
  "deepClone": false,
  "fetchTags": false,
  "leaveDotGit": false,
  "rootDir": ""
}
,"RishabhRD/popfix":{
  "url": "https://github.com/RishabhRD/popfix",
  "rev": "bf3cc436df63cd535350d5ef1b951c91554d4b01",
  "date": "2022-07-04T10:16:10+02:00",
  "path": "/nix/store/ksxiwfmbpn5n4svr5f78pfp1hjp65f3q-popfix",
  "sha256": "0vp8d5wln3bcmpf8qldav4hpm3yn2qnzdq0p486hdvvqvwwy8j91",
  "hash": "sha256-IUnkOd947wYNIhfg9i0W1o96IdmqUYzcrWwNS3lp6G4=",
  "fetchLFS": false,
  "fetchSubmodules": true,
  "deepClone": false,
  "fetchTags": false,
  "leaveDotGit": false,
  "rootDir": ""
}
,"RishabhRD/nvim-lsputils":{
  "url": "https://github.com/RishabhRD/nvim-lsputils",
  "rev": "ae1a4a62449863ad82c70713d5b6108f3a07917c",
  "date": "2022-01-29T17:03:35+05:30",
  "path": "/nix/store/abrrlbxsaligvi27q2xwl1cdnf4cizr3-nvim-lsputils",
  "sha256": "0xl3crhgkzmas8zdcycgk11am3wx0az4jh7fh5n4lsjip8895p4s",
  "hash": "sha256-mtySELpRakpsge5ASb4CnY+qQpiPedY+0qr++WBmg3Y=",
  "fetchLFS": false,
  "fetchSubmodules": true,
  "deepClone": false,
  "fetchTags": false,
  "leaveDotGit": false,
  "rootDir": ""
}
,"folke/trouble.nvim":{
  "url": "https://github.com/folke/trouble.nvim",
  "rev": "bd67efe408d4816e25e8491cc5ad4088e708a69a",
  "date": "2025-10-31T14:56:51+01:00",
  "path": "/nix/store/8l3bq11569vg2pdd15c9m42iff293s0p-trouble.nvim",
  "sha256": "0cpwraxfvhnw0lvq26w58s15ynzyah9xn26bqn41acyi7ddclkz9",
  "hash": "sha256-6U/KWjvRMxWIxcsI2xNU/ltfgkaFG4E3BdzC7brK/DI=",
  "fetchLFS": false,
  "fetchSubmodules": true,
  "deepClone": false,
  "fetchTags": false,
  "leaveDotGit": false,
  "rootDir": ""
}
,"jackguo380/vim-lsp-cxx-highlight":{
  "url": "https://github.com/jackguo380/vim-lsp-cxx-highlight",
  "rev": "e0c749e955446b4e9e4cc33833fa45e30d8a15fe",
  "date": "2024-09-23T20:57:47-07:00",
  "path": "/nix/store/7xsw4d64ckg01s9n7b250yyxyn0fi46b-vim-lsp-cxx-highlight",
  "sha256": "153p37lhyvhr0702iz50s0rh41xp78vr8ksc61cwvipb0sf3xnrk",
  "hash": "sha256-M9s+nAbrxs1ZMExPlDc6twcCM9Cg/CjAARluD+kZd5Q=",
  "fetchLFS": false,
  "fetchSubmodules": true,
  "deepClone": false,
  "fetchTags": false,
  "leaveDotGit": false,
  "rootDir": ""
}
,"folke/lsp-colors.nvim":{
  "url": "https://github.com/folke/lsp-colors.nvim",
  "rev": "2bbe7541747fd339bdd8923fc45631a09bb4f1e5",
  "date": "2023-02-27T13:30:08+01:00",
  "path": "/nix/store/1ialm8ah825wrblcf8qabvqcm7kvs7rh-lsp-colors.nvim",
  "sha256": "0vmsgp0ld2y5r339q0pqm4qi1vlhbbp6c4mbgbip2li3mb6b1w3w",
  "hash": "sha256-fPCwzKojUnHjeqsSZu5akO4QMan4ApzGyMWLRsF9um4=",
  "fetchLFS": false,
  "fetchSubmodules": true,
  "deepClone": false,
  "fetchTags": false,
  "leaveDotGit": false,
  "rootDir": ""
}
,"luukvbaal/statuscol.nvim":{
  "url": "https://github.com/luukvbaal/statuscol.nvim",
  "rev": "c46172d0911aa5d49ba5f39f4351d1bb7aa289cc",
  "date": "2025-06-02T18:20:24+02:00",
  "path": "/nix/store/55frhq83jjh4wxj5p1aa948mj94fn7k8-statuscol.nvim",
  "sha256": "02aajcwrbhjxkd4hykjcwj8anv3vq09ma04sj1n49ysmkr210lcw",
  "hash": "sha256-nFEQRJ5V+0RskJoAVRPAe2yrkORMTg9Jm13ClTmTSgk=",
  "fetchLFS": false,
  "fetchSubmodules": true,
  "deepClone": false,
  "fetchTags": false,
  "leaveDotGit": false,
  "rootDir": ""
}
,"HakonHarnes/img-clip.nvim":{
  "url": "https://github.com/HakonHarnes/img-clip.nvim",
  "rev": "b6ddfb97b5600d99afe3452d707444afda658aca",
  "date": "2025-12-19T09:18:09+01:00",
  "path": "/nix/store/dfa25sqjhj2lqw1nii3lml54kncwz6n7-img-clip.nvim",
  "sha256": "0n4shca1c7fmw2n4kf1ziyx94yyvgmq75glf35gbqdia6b3pjf1c",
  "hash": "sha256-LDh5xzIqNrxeGY6+cnB923uSuo8/uEms4NUdFhSDmlg=",
  "fetchLFS": false,
  "fetchSubmodules": true,
  "deepClone": false,
  "fetchTags": false,
  "leaveDotGit": false,
  "rootDir": ""
}
,"benlubas/molten-nvim":{
  "url": "https://github.com/benlubas/molten-nvim",
  "rev": "4fd7be6a12b5efda5179db642f13bad60893acca",
  "date": "2025-11-05T18:55:32-05:00",
  "path": "/nix/store/171aamdpjpvif7nj61wgqhkpgkc1bscj-molten-nvim",
  "sha256": "1x0lihygp6p03zps3mgs7s4jy6dvwjldyg4x2ggvjyrf0sdrgqzg",
  "hash": "sha256-7+OXmwYue7nfE50836jkuxkviT761aHvH+Ca+zyMFPQ=",
  "fetchLFS": false,
  "fetchSubmodules": true,
  "deepClone": false,
  "fetchTags": false,
  "leaveDotGit": false,
  "rootDir": ""
}
,"mfussenegger/nvim-jdtls":{
  "url": "https://github.com/mfussenegger/nvim-jdtls",
  "rev": "f73731b543f5971e0da9665eb1d7ceffe1fde71f",
  "date": "2025-12-04T09:07:09+01:00",
  "path": "/nix/store/xzrxsvzg31715y45kkacrc395yplpzz5-nvim-jdtls",
  "sha256": "17al7y7ff4bw4zfajrybmk0626ng6vv3mwgbcd9lrvz0ap0an6gp",
  "hash": "sha256-9xmrwFXg70xTY+vxOvY2zxphwKzLZ6ncJ3wR544/VJ0=",
  "fetchLFS": false,
  "fetchSubmodules": true,
  "deepClone": false,
  "fetchTags": false,
  "leaveDotGit": false,
  "rootDir": ""
}
,"mhinz/vim-startify":{
  "url": "https://github.com/mhinz/vim-startify",
  "rev": "4e089dffdad46f3f5593f34362d530e8fe823dcf",
  "date": "2023-09-20T14:46:23+02:00",
  "path": "/nix/store/d1x8p0lizdvg6c8k5pg0lyca5qlj70j1-vim-startify",
  "sha256": "1ycqfqnmalqzrx1yy9a1fc2p0w922x4sqv2222bi9xjzmh77z4sv",
  "hash": "sha256-W5N/Dqxf9hSXEEJsrEkXInFwBXNBJe9Dzx9TVS12mPk=",
  "fetchLFS": false,
  "fetchSubmodules": true,
  "deepClone": false,
  "fetchTags": false,
  "leaveDotGit": false,
  "rootDir": ""
}
,"liuchengxu/vista.vim":{
  "url": "https://github.com/liuchengxu/vista.vim",
  "rev": "1e90efad6e32c4f7d16b1ca8f49bf63d0693802e",
  "date": "2024-12-12T01:03:56+08:00",
  "path": "/nix/store/s6y9csfabqy3wprfg143nyj6yx6x51qh-vista.vim",
  "sha256": "1gbldkajy50x70p0m5wnbd3wvpzb4b79wmgdq8m85iyf5h1phkzf",
  "hash": "sha256-7k94AyzOx4Iqwu1Vns4i69/NR1uWlwouOB0UL9VsdL0=",
  "fetchLFS": false,
  "fetchSubmodules": true,
  "deepClone": false,
  "fetchTags": false,
  "leaveDotGit": false,
  "rootDir": ""
}
,"gabesoft/vim-ags":{
  "url": "https://github.com/gabesoft/vim-ags",
  "rev": "4b1cb6cc66345919385e71eea5140001946914f4",
  "date": "2020-01-26T17:48:55-08:00",
  "path": "/nix/store/70b4mjk1lxjin886hfyvpg69zf0c13wq-vim-ags",
  "sha256": "10gkian2dad3f4i38r0wi21sb2mqr0p93q44x2ymbmzs74yv276z",
  "hash": "sha256-3xyxPTn611W96ITgkS7IuIqlg4gcZDQicaOpJqyK84E=",
  "fetchLFS": false,
  "fetchSubmodules": true,
  "deepClone": false,
  "fetchTags": false,
  "leaveDotGit": false,
  "rootDir": ""
}
,"direnv/direnv.vim":{
  "url": "https://github.com/direnv/direnv.vim",
  "rev": "ab2a7e08dd630060cd81d7946739ac7442a4f269",
  "date": "2023-12-02T11:54:18+01:00",
  "path": "/nix/store/cdrb6zwhyx2884z0kciqrf5vy3xmj3a6-direnv.vim",
  "sha256": "1hhwfnaj9ibz17ggxvhzrkinghfy51fqfa0bs482z484jpvjc31g",
  "hash": "sha256-Lwwm95UEkS8Q0Qsoh10o3sFn48wf7v7eCX/FJJV1HMI=",
  "fetchLFS": false,
  "fetchSubmodules": true,
  "deepClone": false,
  "fetchTags": false,
  "leaveDotGit": false,
  "rootDir": ""
}
,"nicwest/vim-http":{
  "url": "https://github.com/nicwest/vim-http",
  "rev": "7eb78e9753c10ca696d80a2668831bdd2aa08a92",
  "date": "2023-08-30T11:43:39+01:00",
  "path": "/nix/store/0vpkyaa29jp0n9zz3c5lzsjmynzcxpyy-vim-http",
  "sha256": "1cc19vhd3y6azc367p172119118ba0cjxzfj3amjmfnnq62a4m1f",
  "hash": "sha256-LlSihMHWuiqrGtL9LhlQC4WQQhAn3GMG+8r40eBOgbE=",
  "fetchLFS": false,
  "fetchSubmodules": true,
  "deepClone": false,
  "fetchTags": false,
  "leaveDotGit": false,
  "rootDir": ""
}
,"vim-latex/vim-latex":{
  "url": "https://github.com/vim-latex/vim-latex",
  "rev": "08821de4f16625dfe35c9d0d18bb650102e4107f",
  "date": "2025-01-11T13:41:25+01:00",
  "path": "/nix/store/aim77c0xkp2ax3qf3xlqn5z837g4i9na-vim-latex",
  "sha256": "08nqlr3pxilj8fc106zj11nblxan0p09y4iqa91g5kn8slzhk4gg",
  "hash": "sha256-75EJP9XIzvJCUjgSn8AFVnW6bAjyGxCYQ5LGfkem2CI=",
  "fetchLFS": false,
  "fetchSubmodules": true,
  "deepClone": false,
  "fetchTags": false,
  "leaveDotGit": false,
  "rootDir": ""
}
,"vim-pandoc/vim-pandoc":{
  "url": "https://github.com/vim-pandoc/vim-pandoc",
  "rev": "c31d5c10b29c99cf1a344ae30e2ffa32cf2df743",
  "date": "2025-11-07T15:41:19+03:00",
  "path": "/nix/store/dcxkrbbaqmkqv7qk718slx9a0hs6vg08-vim-pandoc",
  "sha256": "1xf4694592w8vhwybkag9bqvrd53wg8xcdmdafg1qsk9bbhq89gz",
  "hash": "sha256-/yWE4VppahyeU6021tHjo7S88UpPzeU53IiLVEgyxPU=",
  "fetchLFS": false,
  "fetchSubmodules": true,
  "deepClone": false,
  "fetchTags": false,
  "leaveDotGit": false,
  "rootDir": ""
}
,"vim-pandoc/vim-pandoc-syntax":{
  "url": "https://github.com/vim-pandoc/vim-pandoc-syntax",
  "rev": "87929100f2497da82f19180ffa49e75a88e7c369",
  "date": "2025-09-22T14:59:47-06:00",
  "path": "/nix/store/8lv5fj3xdj2dx19zk1jhwqz6jsr7dvzv-vim-pandoc-syntax",
  "sha256": "0avjp19rjfbrqz1pk9pw7ll3pmrzs18j9xr9x0rs8gk87di515zl",
  "hash": "sha256-9JdQYjtoPqQz6Cn3JFHQP9c7KD38pnnDx3k5mVO4cis=",
  "fetchLFS": false,
  "fetchSubmodules": true,
  "deepClone": false,
  "fetchTags": false,
  "leaveDotGit": false,
  "rootDir": ""
}
,"Khelda/Vim-EPUB":{
  "url": "https://github.com/Khelda/Vim-EPUB",
  "rev": "f03c6f771f58bb81399203e0c6d8203d78a4205d",
  "date": "2024-12-10T15:30:44+01:00",
  "path": "/nix/store/ri23li5dnymg6rwi7zjiwkarypi3xxl0-Vim-EPUB",
  "sha256": "1n2nfzm3nq49df81ax8wgyhipr3rwapfc7dx88zim8wz67zjn7dq",
  "hash": "sha256-uB0r/zGfoxo/Qr0d5q7ieeQboX8cdRWQa4lgO+p3Vtg=",
  "fetchLFS": false,
  "fetchSubmodules": true,
  "deepClone": false,
  "fetchTags": false,
  "leaveDotGit": false,
  "rootDir": ""
}
,"chrisbra/csv.vim":{
  "url": "https://github.com/chrisbra/csv.vim",
  "rev": "ab776a6266593e9e0d8643cdb7e577f81c0eab7d",
  "date": "2026-01-04T15:33:49+01:00",
  "path": "/nix/store/44x1gjsi3y6v86n858rbfq922835xprx-csv.vim",
  "sha256": "02xzm7s8gcfzm46c4c5i1anhcvl9vqbfwdj8za59ncaymr0vsxmp",
  "hash": "sha256-t3a9Qa5eMZuK+kg27hbeiW4GrQqxMMIMqd+xh/Spvws=",
  "fetchLFS": false,
  "fetchSubmodules": true,
  "deepClone": false,
  "fetchTags": false,
  "leaveDotGit": false,
  "rootDir": ""
}
,"tpope/vim-cucumber":{
  "url": "https://github.com/tpope/vim-cucumber",
  "rev": "c0c9f5fd631632d794c6aa6d8d0ab13f834a1113",
  "date": "2023-11-20T10:42:58-05:00",
  "path": "/nix/store/h72vf34pgk118w9sq8m64dqlli5940b4-vim-cucumber",
  "sha256": "1bppvd9bhpw5zlyy98sldnmd3k7v7pqkpgvhma9wfaqgdi4axw8w",
  "hash": "sha256-HPGuSGwPK8eTqnC/O/E9+8zRqm1Uo+Q9/YVfuFLb964=",
  "fetchLFS": false,
  "fetchSubmodules": true,
  "deepClone": false,
  "fetchTags": false,
  "leaveDotGit": false,
  "rootDir": ""
}
,"LnL7/vim-nix":{
  "url": "https://github.com/LnL7/vim-nix",
  "rev": "7235c7ce2cea530cb6b59bc3e46d4bfe917d15c8",
  "date": "2025-02-01T21:57:33+01:00",
  "path": "/nix/store/aigaqi8c673ff842n0iqlm103mwfqm48-vim-nix",
  "sha256": "109narpbw9kbih7ai49p1zw7j2bj7nzpk3n02z80jcbgb48zqs8y",
  "hash": "sha256-Hmn8EVlvMQnQF8COeb89cgl5+A83kagOjGsmvm5WNoE=",
  "fetchLFS": false,
  "fetchSubmodules": true,
  "deepClone": false,
  "fetchTags": false,
  "leaveDotGit": false,
  "rootDir": ""
}
,"NoahTheDuke/vim-just":{
  "url": "https://github.com/NoahTheDuke/vim-just",
  "rev": "11b0f3177e2854cafa0c4baef5329e7d0f0dccbd",
  "date": "2025-12-10T17:04:49-05:00",
  "path": "/nix/store/yb5jl3y45h2nak5nncb3hz18yxqwnmk6-vim-just",
  "sha256": "04y6pi8bm729ngbh7rfmwiqjh53xc5s8n8dbdij246mq3vxvq9cw",
  "hash": "sha256-nCW8+x64GiJkbKshi3RhfRQoceTV5QPXs0mculC8xhM=",
  "fetchLFS": false,
  "fetchSubmodules": true,
  "deepClone": false,
  "fetchTags": false,
  "leaveDotGit": false,
  "rootDir": ""
}
,"nvim-lua/plenary.nvim":{
  "url": "https://github.com/nvim-lua/plenary.nvim",
  "rev": "b9fd5226c2f76c951fc8ed5923d85e4de065e509",
  "date": "2025-07-26T18:57:48-04:00",
  "path": "/nix/store/bz16vwapqzqr7082z4yx857na57qawjb-plenary.nvim",
  "sha256": "1kg043h7dqcrqqgg8pp6hsldx7jdhlh8qwad2kkckia191xgnjgm",
  "hash": "sha256-9Un7ekhBxcnmFE1xjCCFTZ7eqIbmXvQexpnhduAg4M0=",
  "fetchLFS": false,
  "fetchSubmodules": true,
  "deepClone": false,
  "fetchTags": false,
  "leaveDotGit": false,
  "rootDir": ""
}
,"tanvirtin/vgit.nvim":{
  "url": "https://github.com/tanvirtin/vgit.nvim",
  "rev": "796a183620ffcab17fc00baff3187006463cbaef",
  "date": "2026-01-08T21:38:12-05:00",
  "path": "/nix/store/qxk80c4i57hp0sj3w0znb5brzwrnb7ws-vgit.nvim",
  "sha256": "1c54qxkn44rsskq5957m5yijnkfcg53f4i377rda0wj9ijpxj5a7",
  "hash": "sha256-RxXZr4xJcqBaPmdE4kZ5zE0roy/1lFTw1DoTYmfHpLA=",
  "fetchLFS": false,
  "fetchSubmodules": true,
  "deepClone": false,
  "fetchTags": false,
  "leaveDotGit": false,
  "rootDir": ""
}
,"akinsho/git-conflict.nvim":{
  "url": "https://github.com/akinsho/git-conflict.nvim",
  "rev": "a1badcd070d176172940eb55d9d59029dad1c5a6",
  "date": "2024-12-27T22:53:23Z",
  "path": "/nix/store/apdm2d3jn6jf35xlbfh9wn2fx5ik9m88-git-conflict.nvim",
  "sha256": "05rnwhm1fmg3yb7j2xc9nmw262jc687qxhwabn97qarrk2da0r0a",
  "hash": "sha256-CmSgmpg5K3ySXYrDjg8yTAojeLWJdSHP8uNVFyrkNhc=",
  "fetchLFS": false,
  "fetchSubmodules": true,
  "deepClone": false,
  "fetchTags": false,
  "leaveDotGit": false,
  "rootDir": ""
}
,"lukas-reineke/indent-blankline.nvim":{
  "url": "https://github.com/lukas-reineke/indent-blankline.nvim",
  "rev": "005b56001b2cb30bfa61b7986bc50657816ba4ba",
  "date": "2025-03-18T00:17:57+09:00",
  "path": "/nix/store/y5bi05bxj1z600736r1312dhi72wdjc8-indent-blankline.nvim",
  "sha256": "1rmpi866bg7hyw620hbgmmmksxgll9ilbpigd1kk9b0lpvwxbbyj",
  "hash": "sha256-0q/V+b4UrDRnaC/eRWOi9HU9a61vQSAM9/C8ZQyKt+Y=",
  "fetchLFS": false,
  "fetchSubmodules": true,
  "deepClone": false,
  "fetchTags": false,
  "leaveDotGit": false,
  "rootDir": ""
}
,"Glench/Vim-Jinja2-Syntax":{
  "url": "https://github.com/Glench/Vim-Jinja2-Syntax",
  "rev": "2c17843b074b06a835f88587e1023ceff7e2c7d1",
  "date": "2021-06-22T10:26:45-04:00",
  "path": "/nix/store/20jd519vqi6rpiygipqjaf35xpw8n2yk-Vim-Jinja2-Syntax",
  "sha256": "13mfzsw3kr3r826wkpd3jhh1sy2j10hlj1bv8n8r01hpbngikfg7",
  "hash": "sha256-57kZn10XBpCRRXsFSSEIUngdIJSj3cmNQHnkObj+ro4=",
  "fetchLFS": false,
  "fetchSubmodules": true,
  "deepClone": false,
  "fetchTags": false,
  "leaveDotGit": false,
  "rootDir": ""
}
,"Shirk/vim-gas":{
  "url": "https://github.com/Shirk/vim-gas",
  "rev": "fb0442f37e2db49a2e7a18e21dfc87a443020c8d",
  "date": "2023-12-28T14:34:40+01:00",
  "path": "/nix/store/iknd014x405p1z3ll2sw8bhdzxma3gfs-vim-gas",
  "sha256": "1lqq2a1g0lrjpdbjfvqhxjhr6qkcj237n6w9vp89b7ywgzpff5zm",
  "hash": "sha256-9Rfn7n/cn5XQ3Ykbe4aQbGKToewQbydXuzJT8IISGNM=",
  "fetchLFS": false,
  "fetchSubmodules": true,
  "deepClone": false,
  "fetchTags": false,
  "leaveDotGit": false,
  "rootDir": ""
}
,"leissa/vim-acme":{
  "url": "https://github.com/leissa/vim-acme",
  "rev": "f16df0fd2721a3b2e96d09346b5ed49de68c6919",
  "date": "2024-12-10T11:09:07+01:00",
  "path": "/nix/store/i0sgawa1ifv1dcifr19vcb9fbjpj68fh-vim-acme",
  "sha256": "1nwz4ryi5wf09nxv4qq0hyi2gx6jggkz0mz36i4vhdib8d8v7iaa",
  "hash": "sha256-SsWzUUMrNrhJNONX8Od70vQnoocAY7K7TcDxEn0mn9s=",
  "fetchLFS": false,
  "fetchSubmodules": true,
  "deepClone": false,
  "fetchTags": false,
  "leaveDotGit": false,
  "rootDir": ""
}
,"mg979/vim-visual-multi":{
  "url": "https://github.com/mg979/vim-visual-multi",
  "rev": "a6975e7c1ee157615bbc80fc25e4392f71c344d4",
  "date": "2024-09-01T20:09:22+02:00",
  "path": "/nix/store/bi6707110gsqf48i6fs2xk13h0h6p0lc-vim-visual-multi",
  "sha256": "15jrxvaip6mncl8b8q8c1i82m20m1mld11gv75x9hqng3y85cc1b",
  "hash": "sha256-KzBWkB/PYph6OfuF0GgNFYgqUAwMYbQQZbaaG9XuWZY=",
  "fetchLFS": false,
  "fetchSubmodules": true,
  "deepClone": false,
  "fetchTags": false,
  "leaveDotGit": false,
  "rootDir": ""
}
,"google/vim-jsonnet":{
  "url": "https://github.com/google/vim-jsonnet",
  "rev": "4ebc6619ddce5d032a985b42a9864154c3d20e4a",
  "date": "2023-02-20T14:34:00Z",
  "path": "/nix/store/7fbcbjpgj9kb5kgqmji3p1616mvnhw5q-vim-jsonnet",
  "sha256": "1z2zk2wqfv58qxd8pa4hrpyhi5nlgf8m4gqb9f31pdnb78ci860a",
  "hash": "sha256-ChgUGTrLthuGSws/UpF71JYI/c2QqItax6hsh7mYX/w=",
  "fetchLFS": false,
  "fetchSubmodules": true,
  "deepClone": false,
  "fetchTags": false,
  "leaveDotGit": false,
  "rootDir": ""
}
,"purescript-contrib/purescript-vim":{
  "url": "https://github.com/purescript-contrib/purescript-vim",
  "rev": "82348352e6568fcc0385bd7c99a8ead3a479feea",
  "date": "2023-02-06T16:11:01+07:00",
  "path": "/nix/store/c5dykh9mvpmpfjx7j3nxy1qvjvwfk3n8-purescript-vim",
  "sha256": "14729v7rndi3l8fpnbzapgwb4dj7537fik54g6frm1r1724f5cr2",
  "hash": "sha256-IrPiiDghh5qdeaTM6M4oRzay+LvqL3sdoiM2m89O4pA=",
  "fetchLFS": false,
  "fetchSubmodules": true,
  "deepClone": false,
  "fetchTags": false,
  "leaveDotGit": false,
  "rootDir": ""
}
,"whonore/Coqtail":{
  "url": "https://github.com/whonore/Coqtail",
  "rev": "a25018e4f371016aefea267038ac5d083b615da9",
  "date": "2025-12-06T21:43:03-05:00",
  "path": "/nix/store/p3jbf0qqq5wqlay6ibzlmhvvb81jz23a-Coqtail",
  "sha256": "0jns8fwkhn88cgc1nz1gcwal4nprdzzawmgmm6c0m96r8a37rvrr",
  "hash": "sha256-Oe98hkLZpAqYqfVVrv5v+VpCFWcvfBvYYwhZOLlD2ko=",
  "fetchLFS": false,
  "fetchSubmodules": true,
  "deepClone": false,
  "fetchTags": false,
  "leaveDotGit": false,
  "rootDir": ""
}
,"tomtomjhj/coq-lsp.nvim":{
  "url": "https://github.com/tomtomjhj/coq-lsp.nvim",
  "rev": "2a6ec9e86057f17950b72f496be675520d3d19f6",
  "date": "2025-09-27T00:39:34+09:00",
  "path": "/nix/store/aj3n0pvih5yvgswd96nphas7c739959g-coq-lsp.nvim",
  "sha256": "1a45345nqr0hygagsqrqh0v1a1254qv10fh8rp3rkgqsqvj9sdcy",
  "hash": "sha256-njWd5MYav5nHzQg6EDYmRQQVNoA4Y/3U8xBkbAsZhag=",
  "fetchLFS": false,
  "fetchSubmodules": true,
  "deepClone": false,
  "fetchTags": false,
  "leaveDotGit": false,
  "rootDir": ""
}
,"wilt00/vim-y86-syntax":{
  "url": "https://github.com/wilt00/vim-y86-syntax",
  "rev": "1861343c2cbc7ced636b88f4efc81dcd07eb6bd1",
  "date": "2018-03-06T14:29:13-06:00",
  "path": "/nix/store/gxhirsim3c8nd59jvakndm39nymmi645-vim-y86-syntax",
  "sha256": "1w26m2aw3f86s53lsw8304i2gss0844p9wxw235ksmwsw0pafmx9",
  "hash": "sha256-qVenLuCaVz3LELzzdAlBQOsnIgEDcU1H0Qa5wZWoRvA=",
  "fetchLFS": false,
  "fetchSubmodules": true,
  "deepClone": false,
  "fetchTags": false,
  "leaveDotGit": false,
  "rootDir": ""
}
,"m42e/vim-gcov-marker":{
  "url": "https://github.com/m42e/vim-gcov-marker",
  "rev": "fc79ff9558126b53fd103cae41f6834e60fe85f5",
  "date": "2018-03-27T20:08:28+02:00",
  "path": "/nix/store/rsrn4fwh3zv047mmmd4drkjjf1vcdsjv-vim-gcov-marker",
  "sha256": "06v7ziyb2dbxlqvq2i40qhr1as6kxj7yl9dw9yfqx51c07r66f7v",
  "hash": "sha256-+zhj8gEslI6dT7wl6o/s02gVMsSARIE3pn01sXz8Zxs=",
  "fetchLFS": false,
  "fetchSubmodules": true,
  "deepClone": false,
  "fetchTags": false,
  "leaveDotGit": false,
  "rootDir": ""
}
,"ELLIOTTCABLE/vim-menhir":{
  "url": "https://github.com/ELLIOTTCABLE/vim-menhir",
  "rev": "7e9ebe0c129e3c9eeb50b6beb09cf0feef131e8e",
  "date": "2019-01-22T22:18:10-06:00",
  "path": "/nix/store/g5762aw99l1bpb78jsrbn8m2m0h963k0-vim-menhir",
  "sha256": "070y2gvrw2w5yh9g4mglkdk0afqm42a6klvby327wmd9rq3prcah",
  "hash": "sha256-ULF8B86pVX7E8GvTaZQgFTsFZpv0VfIS9IULnvcTHhw=",
  "fetchLFS": false,
  "fetchSubmodules": true,
  "deepClone": false,
  "fetchTags": false,
  "leaveDotGit": false,
  "rootDir": ""
}
,"petRUShka/vim-opencl":{
  "url": "https://github.com/petRUShka/vim-opencl",
  "rev": "7668b018fe9461c6b51e0b736ed84aa84d6bafce",
  "date": "2018-06-13T20:20:28+03:00",
  "path": "/nix/store/fqfhrz5ggqq2afpn607i8wvxfwfcs201-vim-opencl",
  "sha256": "0z8qasymkkaa272bjxmkp4sgd8qr4ypcqxlyzxgh5imp3gmrc6n1",
  "hash": "sha256-wRqW6xu3xgJf/552zK4nGaP2NLmzdrnEEUrNWb1WGH0=",
  "fetchLFS": false,
  "fetchSubmodules": true,
  "deepClone": false,
  "fetchTags": false,
  "leaveDotGit": false,
  "rootDir": ""
}
,"martinlroth/vim-acpi-asl":{
  "url": "https://github.com/martinlroth/vim-acpi-asl",
  "rev": "3397682276eba0e9af8391fe25087bed79a7aec5",
  "date": "2016-07-30T14:42:19-06:00",
  "path": "/nix/store/cs50lrgp2c9z547srcrjyaphfqbdc9w6-vim-acpi-asl",
  "sha256": "0wvi23pw1rc2a7gfc3ir06i4swfv2l5ki3ggyf5ngh8qhkryf2qs",
  "hash": "sha256-Ggvn84QYwWeL8++NOAsV23FNogE5DubeUYLlwO8QcXM=",
  "fetchLFS": false,
  "fetchSubmodules": true,
  "deepClone": false,
  "fetchTags": false,
  "leaveDotGit": false,
  "rootDir": ""
}
,"ryanoasis/vim-devicons":{
  "url": "https://github.com/ryanoasis/vim-devicons",
  "rev": "71f239af28b7214eebb60d4ea5bd040291fb7e33",
  "date": "2022-10-02T03:28:33+09:00",
  "path": "/nix/store/5lccjk9w33sz1lc0bd3r5hjvwa7rqhpj-vim-devicons",
  "sha256": "0kshppxgi63wn96a8h9zv7drwqcbljin5jhszh8q7pqw2xsd83gn",
  "hash": "sha256-9g3UdBcc34MR/BrKYqOki2Ge29k/QaRMsnyY+Pq9UE8=",
  "fetchLFS": false,
  "fetchSubmodules": true,
  "deepClone": false,
  "fetchTags": false,
  "leaveDotGit": false,
  "rootDir": ""
}
,"Jorengarenar/vim-syntaxMarkerFold":{
  "url": "https://github.com/Jorengarenar/vim-syntaxMarkerFold",
  "rev": "f9b6ad822d4a1d355cb56b8c026e059871149c69",
  "date": "2025-12-20T06:06:11+01:00",
  "path": "/nix/store/gfhiy1s8gpdnnz3yxm26g3g0c38h6pm7-vim-syntaxMarkerFold",
  "sha256": "09mkgr90b6mg992ab503a9a0zqg44lg108wzs1sqhd4gdafql0a7",
  "hash": "sha256-RwGKnWqPNIh10J8jEB4l5OEPVFIDlKVESq+aBVJ+syY=",
  "fetchLFS": false,
  "fetchSubmodules": true,
  "deepClone": false,
  "fetchTags": false,
  "leaveDotGit": false,
  "rootDir": ""
}
}, "packages": [], "lsp-packages": ["arduino-language-server","asm-lsp","ccls","cmake-language-server","nodePackages.vscode-langservers-extracted","dot-language-server","kotlin-language-server","marksman","mesonlsp","python3Packages.python-lsp-server","rust-analyzer","dot-language-server","marksman"]}
