{ "repos": {"junegunn/vim-plug":{
  "url": "https://github.com/junegunn/vim-plug",
  "rev": "88e31471818e9a29a8a20a0ee61360cfd7bdc1cd",
  "date": "2026-05-22T22:40:23+09:00",
  "path": "/nix/store/j8cblljg0yzd1a8ywnyxxawzhggf5w2a-vim-plug",
  "sha256": "0p69i1zbs8h8wxj2fi1fabsajq7357zqjx8p0wldzp0701l3gnfd",
  "hash": "sha256-zdk3aAAH3N8oBxd1if8p42Cp9FIuRCdk5wgivX6IyVw=",
  "fetchLFS": false,
  "fetchSubmodules": true,
  "deepClone": false,
  "fetchTags": false,
  "leaveDotGit": false,
  "rootDir": ""
}
,"rktjmp/fwatch.nvim":{
  "url": "https://github.com/rktjmp/fwatch.nvim",
  "rev": "a691f7349dc66285cd75a1a698dd28bca45f2bf8",
  "date": "2022-07-04T18:27:44+10:00",
  "path": "/nix/store/1zbwjhfhqls0b9z127fx3qxyangswnvx-fwatch.nvim",
  "sha256": "0y8jqmpy85h6g1gjs36qpqvq9abhd7d9bmaiq7bnh7xjvvzg290v",
  "hash": "sha256-GyTx/t6yH2jXwVHVldppcKmEN77YDC1feAYW5G/FEnk=",
  "fetchLFS": false,
  "fetchSubmodules": true,
  "deepClone": false,
  "fetchTags": false,
  "leaveDotGit": false,
  "rootDir": ""
}
,"junegunn/goyo.vim":{
  "url": "https://github.com/junegunn/goyo.vim",
  "rev": "9c72fdf2d202914318581f9f0dd09fd102f8504d",
  "date": "2025-12-21T18:46:00+09:00",
  "path": "/nix/store/vg7s1h2kc5ab1grxb2fccp3nacb900ac-goyo.vim",
  "sha256": "0vm56xr5yw44v3rgrkb9id98nq776yxg8z282imlk1irhwsxjq23",
  "hash": "sha256-Q2DZNYc5hklrFEh89Lo352CLUotpzfzy2IRwX3I3pW4=",
  "fetchLFS": false,
  "fetchSubmodules": true,
  "deepClone": false,
  "fetchTags": false,
  "leaveDotGit": false,
  "rootDir": ""
}
,"junegunn/limelight.vim":{
  "url": "https://github.com/junegunn/limelight.vim",
  "rev": "617064e84e896f6f36b5e559f8e6486d632f68ed",
  "date": "2026-03-09T15:58:10+09:00",
  "path": "/nix/store/kjwwfzpj19q3ds2cjsns38i700k29xgz-limelight.vim",
  "sha256": "1laz3ixva4fix2h1jn8smxq8vj4v1vwavk6srq20cip8j23iq2q7",
  "hash": "sha256-Bwsch5DoRgYEztrMrfgOm8iNcK8aWRmg6NERtXscX9E=",
  "fetchLFS": false,
  "fetchSubmodules": true,
  "deepClone": false,
  "fetchTags": false,
  "leaveDotGit": false,
  "rootDir": ""
}
,"nvim-lualine/lualine.nvim":{
  "url": "https://github.com/nvim-lualine/lualine.nvim",
  "rev": "221ce6b2d999187044529f49da6554a92f740a96",
  "date": "2026-05-31T08:29:19+06:00",
  "path": "/nix/store/sgbj8kfdfcyc9pjj55qc7virkg91bg00-lualine.nvim",
  "sha256": "100jgcrv4k1rivszx2xd51qb2hxra20rhdvlzkg8yxq4gnxwdy78",
  "hash": "sha256-6PjGu30Ed4/e/HQ3mIFQuUOxcCiti/71jjlMsjN7EoA=",
  "fetchLFS": false,
  "fetchSubmodules": true,
  "deepClone": false,
  "fetchTags": false,
  "leaveDotGit": false,
  "rootDir": ""
}
,"romgrk/barbar.nvim":{
  "url": "https://github.com/romgrk/barbar.nvim",
  "rev": "337ecfadb8bf005050990bf2f624dc4fc828dabd",
  "date": "2026-06-10T19:25:38-04:00",
  "path": "/nix/store/b2p34b8sp0sfp600lrgb3mf4fn13628m-barbar.nvim",
  "sha256": "1rqnmpwwnb5nrlr8gkykz8m2x8gdqlnj2l9haxj1jqqrbhfzfyjn",
  "hash": "sha256-Vnr3HVwZYxlkVzBRIS3F7aEuKvrTz4cyzbYsy/mtFuc=",
  "fetchLFS": false,
  "fetchSubmodules": true,
  "deepClone": false,
  "fetchTags": false,
  "leaveDotGit": false,
  "rootDir": ""
}
,"mikesmithgh/kitty-scrollback.nvim":{
  "url": "https://github.com/mikesmithgh/kitty-scrollback.nvim",
  "rev": "53fd294658941719d7622471f28e70179d6737a6",
  "date": "2026-05-13T22:46:40-04:00",
  "path": "/nix/store/h510ng9vihlyyg9yzmlxn483x8vwm1dh-kitty-scrollback.nvim",
  "sha256": "0vcbafyk9jyjjsfvavg4l86in6vfx2gfxf8i0qwq985jb376dprw",
  "hash": "sha256-PN9mzliyoIQ5BhG57p7obhsbDaLkbbWdltLLNL1Ti20=",
  "fetchLFS": false,
  "fetchSubmodules": true,
  "deepClone": false,
  "fetchTags": false,
  "leaveDotGit": false,
  "rootDir": ""
}
,"MunifTanjim/nui.nvim":{
  "url": "https://github.com/MunifTanjim/nui.nvim",
  "rev": "de740991c12411b663994b2860f1a4fd0937c130",
  "date": "2025-06-08T20:26:28+06:00",
  "path": "/nix/store/wxbrcaxl9d8zy9ig6gili46sqjnyzw7m-nui.nvim",
  "sha256": "0l1ga86dr2rhfjshiicsw3nn03wrhmdqks8v1gn3xmzdgfd2anz3",
  "hash": "sha256-41slmnvt1z7sCxvpiVuFmQ9g7eCaxQi1dDCL3AxSL1A=",
  "fetchLFS": false,
  "fetchSubmodules": true,
  "deepClone": false,
  "fetchTags": false,
  "leaveDotGit": false,
  "rootDir": ""
}
,"folke/noice.nvim":{
  "url": "https://github.com/folke/noice.nvim",
  "rev": "7bfd942445fb63089b59f97ca487d605e715f155",
  "date": "2025-11-03T17:33:44+01:00",
  "path": "/nix/store/h40iqiv9jd238hnwnfrihwyj4cr4psck-noice.nvim",
  "sha256": "02mc75dqn7h4ylgynpd9vsjx3y51rcys95l9ax1wiilgb4ay3b0l",
  "hash": "sha256-FKzhFVmPxshDV4mWpD3LofjRpd6pXesf9QQei1s5rAo=",
  "fetchLFS": false,
  "fetchSubmodules": true,
  "deepClone": false,
  "fetchTags": false,
  "leaveDotGit": false,
  "rootDir": ""
}
,"MunifTanjim/exrc.nvim":{
  "url": "https://github.com/MunifTanjim/exrc.nvim",
  "rev": "0aae882db72885ade36641d677a22204c72e50f4",
  "date": "2022-12-28T13:55:23+06:00",
  "path": "/nix/store/56yx2hj49pdbrp22j3nasng16ggzy3y6-exrc.nvim",
  "sha256": "0cl9jm6iya720nzhk575jr08f4jb63jh8lvqsb4fcj4j4jx057gv",
  "hash": "sha256-+50CuiSSSObI0nhTBOUwSxKHQJbllAm/BeIoH02ViTI=",
  "fetchLFS": false,
  "fetchSubmodules": true,
  "deepClone": false,
  "fetchTags": false,
  "leaveDotGit": false,
  "rootDir": ""
}
,"mattn/webapi-vim":{
  "url": "https://github.com/mattn/webapi-vim",
  "rev": "c7eec04aad31e1665164d8292d0ec8b5c3cc5a57",
  "date": "2026-03-27T01:11:29+09:00",
  "path": "/nix/store/y9z257v0ad3jmxiq0as4m63sdz8had58-webapi-vim",
  "sha256": "1w2l98aalv3hm1aylk299016jlgfdxn946g36yl01hfm3dg7kivp",
  "hash": "sha256-d8d5XhvVwQCoN+MZkmxv7lFpAkhJTOpVqHBsqhRKVPA=",
  "fetchLFS": false,
  "fetchSubmodules": true,
  "deepClone": false,
  "fetchTags": false,
  "leaveDotGit": false,
  "rootDir": ""
}
,"rust-lang/rust.vim":{
  "url": "https://github.com/rust-lang/rust.vim",
  "rev": "889b9a7515db477f4cb6808bef1769e53493c578",
  "date": "2022-11-27T16:26:22+02:00",
  "path": "/nix/store/whswkank97mzh92b0n3l5bz8lkvw915b-rust.vim",
  "sha256": "1xklq4g6dvqd3a5msnrir899hzqmjkscpb8bq9wd4fi3ivmjjjgg",
  "hash": "sha256-70kp644jOtJ4wguty/SUFX+YEsoxW12LGg3vZh7BdPY=",
  "fetchLFS": false,
  "fetchSubmodules": true,
  "deepClone": false,
  "fetchTags": false,
  "leaveDotGit": false,
  "rootDir": ""
}
,"amber-lang/amber-vim":{
  "url": "https://github.com/amber-lang/amber-vim",
  "rev": "0cd0acda4e3d168ac7a3d1a8fa6a361e37bbb6bc",
  "date": "2026-03-29T15:54:42+02:00",
  "path": "/nix/store/xjxbrqsph3n24kw869dcwj5hi7ibn46v-amber-vim",
  "sha256": "0hnya48dy8li0iwcg5wrm90mf6d5p34vcf2q1d9bfviv9dhpc1br",
  "hash": "sha256-eQV2YUs7brdSC1g4tsm4pRlXQaqZl8d4BJEi3xBR3kI=",
  "fetchLFS": false,
  "fetchSubmodules": true,
  "deepClone": false,
  "fetchTags": false,
  "leaveDotGit": false,
  "rootDir": ""
}
,"rcarriga/nvim-notify":{
  "url": "https://github.com/rcarriga/nvim-notify",
  "rev": "8701bece920b38ea289b457f902e2ad184131a5d",
  "date": "2025-09-06T21:22:11+01:00",
  "path": "/nix/store/00pp9yina1pkmdjh53nbfn5kwp1psawn-nvim-notify",
  "sha256": "1qsxv5w8pb4pv0963lwhsy21cgi75mw2a0s20vm1821y6qr97d47",
  "hash": "sha256-h7STMjY+CBTqBkIDJXgtJz4WhNeQ02ES2Jesi3jZXeM=",
  "fetchLFS": false,
  "fetchSubmodules": true,
  "deepClone": false,
  "fetchTags": false,
  "leaveDotGit": false,
  "rootDir": ""
}
,"ncm2/float-preview.nvim":{
  "url": "https://github.com/ncm2/float-preview.nvim",
  "rev": "cd7974292f1bb87ed987a2b0e7ae6b632aa14ed6",
  "date": "2023-07-04T11:47:39+08:00",
  "path": "/nix/store/f9cg7rmzx90hmkny6z4fzzgxrrwnmc0s-float-preview.nvim",
  "sha256": "1i2fgki7zkmwmrs1jxb8yp4f1z4jnr1yvmyh1p1y1fv4hyairjfn",
  "hash": "sha256-1skclYdku+DDDdDX7UO2kvzgyPVodRl0rrzOf+J8TsQ=",
  "fetchLFS": false,
  "fetchSubmodules": true,
  "deepClone": false,
  "fetchTags": false,
  "leaveDotGit": false,
  "rootDir": ""
}
,"kevinhwang91/nvim-bqf":{
  "url": "https://github.com/kevinhwang91/nvim-bqf",
  "rev": "c282a62bec6c0621a1ef5132aa3f4c9fc4dcc2c7",
  "date": "2026-04-02T17:24:58+08:00",
  "path": "/nix/store/1pkxsdlw0m335bny2ljm0jbmp272brgw-nvim-bqf",
  "sha256": "0myva5pf2klm2712py1v8s4mjk868793z8vq82rbkvm5sz4b2vlf",
  "hash": "sha256-jm6xyNel7rmyQHijP9JBBk1ZiUY7+CvCEZVO4W5R21c=",
  "fetchLFS": false,
  "fetchSubmodules": true,
  "deepClone": false,
  "fetchTags": false,
  "leaveDotGit": false,
  "rootDir": ""
}
,"nvim-treesitter/nvim-treesitter":{
  "url": "https://github.com/nvim-treesitter/nvim-treesitter",
  "rev": "4916d6592ede8c07973490d9322f187e07dfefac",
  "date": "2026-04-03T15:11:40+02:00",
  "path": "/nix/store/hcvngwwgwjmk7za3g3nmzahlj9f27wgj-nvim-treesitter",
  "sha256": "0wgwbxi6h99fsp901xysm0424lhgrh9fq1nlck02m53qbfs7l11x",
  "hash": "sha256-PQR6tFt4lCrAZNQG7BLMD1IiCKja9wDS1S4laGJf/HE=",
  "fetchLFS": false,
  "fetchSubmodules": true,
  "deepClone": false,
  "fetchTags": false,
  "leaveDotGit": false,
  "rootDir": ""
}
,"nvim-treesitter/nvim-treesitter-context":{
  "url": "https://github.com/nvim-treesitter/nvim-treesitter-context",
  "rev": "b311b30818951d01f7b4bf650521b868b3fece16",
  "date": "2026-05-06T10:25:14+01:00",
  "path": "/nix/store/9ll37bw64ndgvdmzvvxhdn1myqwgc3dh-nvim-treesitter-context",
  "sha256": "05j26xaj672vw2bqw7amdwsx06sh2hvjx59c6rd4plhd0fyhjnfq",
  "hash": "sha256-2FkJvQMN0ktaNiyVLjcUUBvQNW9VHY6X4FscI1U3QhY=",
  "fetchLFS": false,
  "fetchSubmodules": true,
  "deepClone": false,
  "fetchTags": false,
  "leaveDotGit": false,
  "rootDir": ""
}
,"kyazdani42/nvim-tree.lua":{
  "url": "https://github.com/kyazdani42/nvim-tree.lua",
  "rev": "fb343438d49fba8c35ecc4829d66fca7a1f0ed3d",
  "date": "2026-06-15T12:30:16+10:00",
  "path": "/nix/store/x20xrbaybq2cj6r5x1z84dx35s4ifzxl-nvim-tree.lua",
  "sha256": "1a3230ws43sw90lr5aqb15jy94iidzjv4yp46zbgnqvanj7c64i6",
  "hash": "sha256-JhLDjrRqY/vWN+R6suVvMZLkZQkLq5IpSFwPojkYYqg=",
  "fetchLFS": false,
  "fetchSubmodules": true,
  "deepClone": false,
  "fetchTags": false,
  "leaveDotGit": false,
  "rootDir": ""
}
,"kyazdani42/nvim-web-devicons":{
  "url": "https://github.com/kyazdani42/nvim-web-devicons",
  "rev": "dfbfaa967a6f7ec50789bead7ef87e336c1fa63c",
  "date": "2026-05-27T08:36:19+10:00",
  "path": "/nix/store/r4i52zb6h3m5x9w795xii21y0xnaqb9w-nvim-web-devicons",
  "sha256": "1vdzsaa2knj8k01wb3268mh60j4iicdb0nzwf8bmhp71pbs3mid5",
  "hash": "sha256-pcU69LrhXFgXcvxbsBqLkUhgYEVGjMUDmEjaKZTSv+0=",
  "fetchLFS": false,
  "fetchSubmodules": true,
  "deepClone": false,
  "fetchTags": false,
  "leaveDotGit": false,
  "rootDir": ""
}
,"neovim/nvim-lspconfig":{
  "url": "https://github.com/neovim/nvim-lspconfig",
  "rev": "a683e0ddf0cf64c6cd689e18ffb480ade3c162b7",
  "date": "2026-06-12T20:43:18Z",
  "path": "/nix/store/9z85hbv6qdbbdzvcwbs0p5zbnc5d72qf-nvim-lspconfig",
  "sha256": "1k1rvjg4xy20d1y82llizxlpl1x5r2v0iwq2yrbyxfh6yqnvlldq",
  "hash": "sha256-uFG6LfYGuu5X9gLzCLbIpQd6af+RUoF8aED4Tp7cOcw=",
  "fetchLFS": false,
  "fetchSubmodules": true,
  "deepClone": false,
  "fetchTags": false,
  "leaveDotGit": false,
  "rootDir": ""
}
,"saghen/blink.cmp":{
  "url": "https://github.com/saghen/blink.cmp",
  "rev": "91774548bc358c02fcc327d33c9ac0d9830c8c47",
  "date": "2026-06-15T02:14:03+02:00",
  "path": "/nix/store/vjnsbbs45jss2ghd6675kvgdpsqbjx92-blink.cmp",
  "sha256": "1ys73yzjjmfdahwr1m8w30fm6vyqahgm17av1h7qjry3bi3dzavl",
  "hash": "sha256-dKvfRlzDZ4kPDFudUB9U2G9THRgc1ZA5VM1VKb8fR/s=",
  "fetchLFS": false,
  "fetchSubmodules": true,
  "deepClone": false,
  "fetchTags": false,
  "leaveDotGit": false,
  "rootDir": ""
}
,"rachartier/tiny-code-action.nvim":{
  "url": "https://github.com/rachartier/tiny-code-action.nvim",
  "rev": "0d040ed81f7953118b81cd12681fcdfcac069803",
  "date": "2026-04-25T02:04:15+02:00",
  "path": "/nix/store/2q6db858nwq20jwbf3pcgazswlshndim-tiny-code-action.nvim",
  "sha256": "186d7zyrcb7n2bmqndy434jkl69ffrkwnc61v1nkgfjlxrw76psh",
  "hash": "sha256-UF9zeO5Uujdt2MEwy2d2Lhk6JRnEN4vrEvYslv0/zaA=",
  "fetchLFS": false,
  "fetchSubmodules": true,
  "deepClone": false,
  "fetchTags": false,
  "leaveDotGit": false,
  "rootDir": ""
}
,"L3MON4D3/LuaSnip":{
  "url": "https://github.com/L3MON4D3/LuaSnip",
  "rev": "0abc8f390b278c3b4aabc4c004ac8a088b65cf24",
  "date": "2026-05-19T22:57:46+02:00",
  "path": "/nix/store/81jqaa40h8ywxhqr55a8d2ld6l643gqx-LuaSnip",
  "sha256": "0zar6jq7w985qk72nnydz7c3hcw8ai7v4nl1ccfisxb9c66lm9dw",
  "hash": "sha256-vKVKjWFpdR0dY4Fask9UiDM42PnNWyvOxAUlfrA0WX0=",
  "fetchLFS": false,
  "fetchSubmodules": true,
  "deepClone": false,
  "fetchTags": false,
  "leaveDotGit": false,
  "rootDir": ""
}
,"junegunn/fzf":{
  "url": "https://github.com/junegunn/fzf",
  "rev": "3c9965a61a842ef54e976c7195b985ee43a3e776",
  "date": "2026-06-14T17:52:45+03:00",
  "path": "/nix/store/rca5jda4zk5wrz5fd817ycrv8lzvlzdp-fzf",
  "sha256": "014c2psxf7987hbdwfn8vlv17g64cb72z2nsmjk6jr7bwjrfi3yp",
  "hash": "sha256-14/osuTrZGmmrNqKL85ixLwTNt3IOt4WPCgd1/UVjAQ=",
  "fetchLFS": false,
  "fetchSubmodules": true,
  "deepClone": false,
  "fetchTags": false,
  "leaveDotGit": false,
  "rootDir": ""
}
,"junegunn/fzf.vim":{
  "url": "https://github.com/junegunn/fzf.vim",
  "rev": "d2a59a992a2455f609c0fde2ebd84427ea8f919a",
  "date": "2026-06-12T09:06:10+09:00",
  "path": "/nix/store/ymrpl67qs81wwnk2yb485gz18vbnnni6-fzf.vim",
  "sha256": "1pq96irsvp8ksh6f8dfzs7wr6ryrickhshk7hjf7i7iqy257w12d",
  "hash": "sha256-TQR+ivA4nnichGdCDSeL2WeT+dHfNeQM1BPdrXM0Cd8=",
  "fetchLFS": false,
  "fetchSubmodules": true,
  "deepClone": false,
  "fetchTags": false,
  "leaveDotGit": false,
  "rootDir": ""
}
,"RishabhRD/popfix":{
  "url": "https://github.com/RishabhRD/popfix",
  "rev": "bf3cc436df63cd535350d5ef1b951c91554d4b01",
  "date": "2022-07-04T10:16:10+02:00",
  "path": "/nix/store/ksxiwfmbpn5n4svr5f78pfp1hjp65f3q-popfix",
  "sha256": "0vp8d5wln3bcmpf8qldav4hpm3yn2qnzdq0p486hdvvqvwwy8j91",
  "hash": "sha256-IUnkOd947wYNIhfg9i0W1o96IdmqUYzcrWwNS3lp6G4=",
  "fetchLFS": false,
  "fetchSubmodules": true,
  "deepClone": false,
  "fetchTags": false,
  "leaveDotGit": false,
  "rootDir": ""
}
,"RishabhRD/nvim-lsputils":{
  "url": "https://github.com/RishabhRD/nvim-lsputils",
  "rev": "ae1a4a62449863ad82c70713d5b6108f3a07917c",
  "date": "2022-01-29T17:03:35+05:30",
  "path": "/nix/store/abrrlbxsaligvi27q2xwl1cdnf4cizr3-nvim-lsputils",
  "sha256": "0xl3crhgkzmas8zdcycgk11am3wx0az4jh7fh5n4lsjip8895p4s",
  "hash": "sha256-mtySELpRakpsge5ASb4CnY+qQpiPedY+0qr++WBmg3Y=",
  "fetchLFS": false,
  "fetchSubmodules": true,
  "deepClone": false,
  "fetchTags": false,
  "leaveDotGit": false,
  "rootDir": ""
}
,"folke/trouble.nvim":{
  "url": "https://github.com/folke/trouble.nvim",
  "rev": "bd67efe408d4816e25e8491cc5ad4088e708a69a",
  "date": "2025-10-31T14:56:51+01:00",
  "path": "/nix/store/8l3bq11569vg2pdd15c9m42iff293s0p-trouble.nvim",
  "sha256": "0cpwraxfvhnw0lvq26w58s15ynzyah9xn26bqn41acyi7ddclkz9",
  "hash": "sha256-6U/KWjvRMxWIxcsI2xNU/ltfgkaFG4E3BdzC7brK/DI=",
  "fetchLFS": false,
  "fetchSubmodules": true,
  "deepClone": false,
  "fetchTags": false,
  "leaveDotGit": false,
  "rootDir": ""
}
,"jackguo380/vim-lsp-cxx-highlight":{
  "url": "https://github.com/jackguo380/vim-lsp-cxx-highlight",
  "rev": "e0c749e955446b4e9e4cc33833fa45e30d8a15fe",
  "date": "2024-09-23T20:57:47-07:00",
  "path": "/nix/store/7xsw4d64ckg01s9n7b250yyxyn0fi46b-vim-lsp-cxx-highlight",
  "sha256": "153p37lhyvhr0702iz50s0rh41xp78vr8ksc61cwvipb0sf3xnrk",
  "hash": "sha256-M9s+nAbrxs1ZMExPlDc6twcCM9Cg/CjAARluD+kZd5Q=",
  "fetchLFS": false,
  "fetchSubmodules": true,
  "deepClone": false,
  "fetchTags": false,
  "leaveDotGit": false,
  "rootDir": ""
}
,"folke/lsp-colors.nvim":{
  "url": "https://github.com/folke/lsp-colors.nvim",
  "rev": "2bbe7541747fd339bdd8923fc45631a09bb4f1e5",
  "date": "2023-02-27T13:30:08+01:00",
  "path": "/nix/store/1ialm8ah825wrblcf8qabvqcm7kvs7rh-lsp-colors.nvim",
  "sha256": "0vmsgp0ld2y5r339q0pqm4qi1vlhbbp6c4mbgbip2li3mb6b1w3w",
  "hash": "sha256-fPCwzKojUnHjeqsSZu5akO4QMan4ApzGyMWLRsF9um4=",
  "fetchLFS": false,
  "fetchSubmodules": true,
  "deepClone": false,
  "fetchTags": false,
  "leaveDotGit": false,
  "rootDir": ""
}
,"luukvbaal/statuscol.nvim":{
  "url": "https://github.com/luukvbaal/statuscol.nvim",
  "rev": "c46172d0911aa5d49ba5f39f4351d1bb7aa289cc",
  "date": "2025-06-02T18:20:24+02:00",
  "path": "/nix/store/55frhq83jjh4wxj5p1aa948mj94fn7k8-statuscol.nvim",
  "sha256": "02aajcwrbhjxkd4hykjcwj8anv3vq09ma04sj1n49ysmkr210lcw",
  "hash": "sha256-nFEQRJ5V+0RskJoAVRPAe2yrkORMTg9Jm13ClTmTSgk=",
  "fetchLFS": false,
  "fetchSubmodules": true,
  "deepClone": false,
  "fetchTags": false,
  "leaveDotGit": false,
  "rootDir": ""
}
,"HakonHarnes/img-clip.nvim":{
  "url": "https://github.com/HakonHarnes/img-clip.nvim",
  "rev": "b6ddfb97b5600d99afe3452d707444afda658aca",
  "date": "2025-12-19T09:18:09+01:00",
  "path": "/nix/store/dfa25sqjhj2lqw1nii3lml54kncwz6n7-img-clip.nvim",
  "sha256": "0n4shca1c7fmw2n4kf1ziyx94yyvgmq75glf35gbqdia6b3pjf1c",
  "hash": "sha256-LDh5xzIqNrxeGY6+cnB923uSuo8/uEms4NUdFhSDmlg=",
  "fetchLFS": false,
  "fetchSubmodules": true,
  "deepClone": false,
  "fetchTags": false,
  "leaveDotGit": false,
  "rootDir": ""
}
,"benlubas/molten-nvim":{
  "url": "https://github.com/benlubas/molten-nvim",
  "rev": "c1db39e78fe18559d8f2204bf5c4d476bdc80d3e",
  "date": "2026-02-28T21:23:12-05:00",
  "path": "/nix/store/413zm932l2qg3vanmkdnxxavg9c1m9d3-molten-nvim",
  "sha256": "03b7r9x5gpgk61djw8hfkdjf9rqdr1vm6wjp25x2g1q4kmvyvh0n",
  "hash": "sha256-FsDtd50Ehyd6EVdyU3fIDefkZJsOIi5bMPPdV3rKZw0=",
  "fetchLFS": false,
  "fetchSubmodules": true,
  "deepClone": false,
  "fetchTags": false,
  "leaveDotGit": false,
  "rootDir": ""
}
,"mfussenegger/nvim-jdtls":{
  "url": "https://github.com/mfussenegger/nvim-jdtls",
  "rev": "6e9d953f0b82bccdb834cfde0e893f3119c22592",
  "date": "2026-05-20T13:58:02+02:00",
  "path": "/nix/store/1rk17bdbyq76b3hwa75jsa48nl9l4xz6-nvim-jdtls",
  "sha256": "0jsbcmbxharqfwwvx6s4g1a7fpj70b5b71nm14bshhacix732i70",
  "hash": "sha256-4EQxTo9MQagXCdWGs8oCR153VHhEm745dzgr2FdlS0s=",
  "fetchLFS": false,
  "fetchSubmodules": true,
  "deepClone": false,
  "fetchTags": false,
  "leaveDotGit": false,
  "rootDir": ""
}
,"mhinz/vim-startify":{
  "url": "https://github.com/mhinz/vim-startify",
  "rev": "4e089dffdad46f3f5593f34362d530e8fe823dcf",
  "date": "2023-09-20T14:46:23+02:00",
  "path": "/nix/store/d1x8p0lizdvg6c8k5pg0lyca5qlj70j1-vim-startify",
  "sha256": "1ycqfqnmalqzrx1yy9a1fc2p0w922x4sqv2222bi9xjzmh77z4sv",
  "hash": "sha256-W5N/Dqxf9hSXEEJsrEkXInFwBXNBJe9Dzx9TVS12mPk=",
  "fetchLFS": false,
  "fetchSubmodules": true,
  "deepClone": false,
  "fetchTags": false,
  "leaveDotGit": false,
  "rootDir": ""
}
,"liuchengxu/vista.vim":{
  "url": "https://github.com/liuchengxu/vista.vim",
  "rev": "1e90efad6e32c4f7d16b1ca8f49bf63d0693802e",
  "date": "2024-12-12T01:03:56+08:00",
  "path": "/nix/store/s6y9csfabqy3wprfg143nyj6yx6x51qh-vista.vim",
  "sha256": "1gbldkajy50x70p0m5wnbd3wvpzb4b79wmgdq8m85iyf5h1phkzf",
  "hash": "sha256-7k94AyzOx4Iqwu1Vns4i69/NR1uWlwouOB0UL9VsdL0=",
  "fetchLFS": false,
  "fetchSubmodules": true,
  "deepClone": false,
  "fetchTags": false,
  "leaveDotGit": false,
  "rootDir": ""
}
,"gabesoft/vim-ags":{
  "url": "https://github.com/gabesoft/vim-ags",
  "rev": "4b1cb6cc66345919385e71eea5140001946914f4",
  "date": "2020-01-26T17:48:55-08:00",
  "path": "/nix/store/70b4mjk1lxjin886hfyvpg69zf0c13wq-vim-ags",
  "sha256": "10gkian2dad3f4i38r0wi21sb2mqr0p93q44x2ymbmzs74yv276z",
  "hash": "sha256-3xyxPTn611W96ITgkS7IuIqlg4gcZDQicaOpJqyK84E=",
  "fetchLFS": false,
  "fetchSubmodules": true,
  "deepClone": false,
  "fetchTags": false,
  "leaveDotGit": false,
  "rootDir": ""
}
,"direnv/direnv.vim":{
  "url": "https://github.com/direnv/direnv.vim",
  "rev": "ab2a7e08dd630060cd81d7946739ac7442a4f269",
  "date": "2023-12-02T11:54:18+01:00",
  "path": "/nix/store/cdrb6zwhyx2884z0kciqrf5vy3xmj3a6-direnv.vim",
  "sha256": "1hhwfnaj9ibz17ggxvhzrkinghfy51fqfa0bs482z484jpvjc31g",
  "hash": "sha256-Lwwm95UEkS8Q0Qsoh10o3sFn48wf7v7eCX/FJJV1HMI=",
  "fetchLFS": false,
  "fetchSubmodules": true,
  "deepClone": false,
  "fetchTags": false,
  "leaveDotGit": false,
  "rootDir": ""
}
,"nicwest/vim-http":{
  "url": "https://github.com/nicwest/vim-http",
  "rev": "7eb78e9753c10ca696d80a2668831bdd2aa08a92",
  "date": "2023-08-30T11:43:39+01:00",
  "path": "/nix/store/0vpkyaa29jp0n9zz3c5lzsjmynzcxpyy-vim-http",
  "sha256": "1cc19vhd3y6azc367p172119118ba0cjxzfj3amjmfnnq62a4m1f",
  "hash": "sha256-LlSihMHWuiqrGtL9LhlQC4WQQhAn3GMG+8r40eBOgbE=",
  "fetchLFS": false,
  "fetchSubmodules": true,
  "deepClone": false,
  "fetchTags": false,
  "leaveDotGit": false,
  "rootDir": ""
}
,"vim-latex/vim-latex":{
  "url": "https://github.com/vim-latex/vim-latex",
  "rev": "08821de4f16625dfe35c9d0d18bb650102e4107f",
  "date": "2025-01-11T13:41:25+01:00",
  "path": "/nix/store/aim77c0xkp2ax3qf3xlqn5z837g4i9na-vim-latex",
  "sha256": "08nqlr3pxilj8fc106zj11nblxan0p09y4iqa91g5kn8slzhk4gg",
  "hash": "sha256-75EJP9XIzvJCUjgSn8AFVnW6bAjyGxCYQ5LGfkem2CI=",
  "fetchLFS": false,
  "fetchSubmodules": true,
  "deepClone": false,
  "fetchTags": false,
  "leaveDotGit": false,
  "rootDir": ""
}
,"vim-pandoc/vim-pandoc":{
  "url": "https://github.com/vim-pandoc/vim-pandoc",
  "rev": "c31d5c10b29c99cf1a344ae30e2ffa32cf2df743",
  "date": "2025-11-07T15:41:19+03:00",
  "path": "/nix/store/dcxkrbbaqmkqv7qk718slx9a0hs6vg08-vim-pandoc",
  "sha256": "1xf4694592w8vhwybkag9bqvrd53wg8xcdmdafg1qsk9bbhq89gz",
  "hash": "sha256-/yWE4VppahyeU6021tHjo7S88UpPzeU53IiLVEgyxPU=",
  "fetchLFS": false,
  "fetchSubmodules": true,
  "deepClone": false,
  "fetchTags": false,
  "leaveDotGit": false,
  "rootDir": ""
}
,"vim-pandoc/vim-pandoc-syntax":{
  "url": "https://github.com/vim-pandoc/vim-pandoc-syntax",
  "rev": "87929100f2497da82f19180ffa49e75a88e7c369",
  "date": "2025-09-22T14:59:47-06:00",
  "path": "/nix/store/8lv5fj3xdj2dx19zk1jhwqz6jsr7dvzv-vim-pandoc-syntax",
  "sha256": "0avjp19rjfbrqz1pk9pw7ll3pmrzs18j9xr9x0rs8gk87di515zl",
  "hash": "sha256-9JdQYjtoPqQz6Cn3JFHQP9c7KD38pnnDx3k5mVO4cis=",
  "fetchLFS": false,
  "fetchSubmodules": true,
  "deepClone": false,
  "fetchTags": false,
  "leaveDotGit": false,
  "rootDir": ""
}
,"chrisbra/csv.vim":{
  "url": "https://github.com/chrisbra/csv.vim",
  "rev": "8977f6890d235a6ba9948b63ff700d414c84c344",
  "date": "2026-05-16T08:33:04Z",
  "path": "/nix/store/cdbx56w3w708ic6bm9jas1rq3371ig1y-csv.vim",
  "sha256": "0b1a0gsqr1l07z0vdqmabwxdixx5dghmp62pfwz74zvdrjmnl3qr",
  "hash": "sha256-GQ9qq8xtf3I+d1eYW+FrpffYOl+q4rbBP4CGjPUDKiw=",
  "fetchLFS": false,
  "fetchSubmodules": true,
  "deepClone": false,
  "fetchTags": false,
  "leaveDotGit": false,
  "rootDir": ""
}
,"tpope/vim-cucumber":{
  "url": "https://github.com/tpope/vim-cucumber",
  "rev": "c0c9f5fd631632d794c6aa6d8d0ab13f834a1113",
  "date": "2023-11-20T10:42:58-05:00",
  "path": "/nix/store/h72vf34pgk118w9sq8m64dqlli5940b4-vim-cucumber",
  "sha256": "1bppvd9bhpw5zlyy98sldnmd3k7v7pqkpgvhma9wfaqgdi4axw8w",
  "hash": "sha256-HPGuSGwPK8eTqnC/O/E9+8zRqm1Uo+Q9/YVfuFLb964=",
  "fetchLFS": false,
  "fetchSubmodules": true,
  "deepClone": false,
  "fetchTags": false,
  "leaveDotGit": false,
  "rootDir": ""
}
,"https://gitlab.com/itaranto/plantuml.nvim":{
  "url": "https://gitlab.com/itaranto/plantuml.nvim",
  "rev": "06644d3688bb0ad08a58e91428c0b2d98678e443",
  "date": "2025-03-29T13:59:14-03:00",
  "path": "/nix/store/xj9wja557jagbpxfxls692w5zf0yajdq-plantuml.nvim",
  "sha256": "1z4r3lw6xaqhwiwlns70wlryrlkzbjlssvjgzs2pprmf6hyavzgp",
  "hash": "sha256-9/2tPDSu5nuF/k9uralcf9LsM+XgaEt55BCrbjgdmfw=",
  "fetchLFS": false,
  "fetchSubmodules": true,
  "deepClone": false,
  "fetchTags": false,
  "leaveDotGit": false,
  "rootDir": ""
}
,"LnL7/vim-nix":{
  "url": "https://github.com/LnL7/vim-nix",
  "rev": "7235c7ce2cea530cb6b59bc3e46d4bfe917d15c8",
  "date": "2025-02-01T21:57:33+01:00",
  "path": "/nix/store/aigaqi8c673ff842n0iqlm103mwfqm48-vim-nix",
  "sha256": "109narpbw9kbih7ai49p1zw7j2bj7nzpk3n02z80jcbgb48zqs8y",
  "hash": "sha256-Hmn8EVlvMQnQF8COeb89cgl5+A83kagOjGsmvm5WNoE=",
  "fetchLFS": false,
  "fetchSubmodules": true,
  "deepClone": false,
  "fetchTags": false,
  "leaveDotGit": false,
  "rootDir": ""
}
,"NoahTheDuke/vim-just":{
  "url": "https://github.com/NoahTheDuke/vim-just",
  "rev": "49f318424ed17fb8d49122daa39820fd6a2880f5",
  "date": "2026-06-12T14:24:22-04:00",
  "path": "/nix/store/7hdn5y4jffm8pdphwih8k1yz44fnbnca-vim-just",
  "sha256": "1i8z1npsma1h00z2lqk0q9ym8xq2ddsd48959i6l18v2n7815xmg",
  "hash": "sha256-r/YS0LFio0BNTCUh0nRrAndUfcJgYio+ADCoqq8NH8U=",
  "fetchLFS": false,
  "fetchSubmodules": true,
  "deepClone": false,
  "fetchTags": false,
  "leaveDotGit": false,
  "rootDir": ""
}
,"nvim-lua/plenary.nvim":{
  "url": "https://github.com/nvim-lua/plenary.nvim",
  "rev": "74b06c6c75e4eeb3108ec01852001636d85a932b",
  "date": "2026-04-10T07:52:46+02:00",
  "path": "/nix/store/q0lm5b7m1why803vs10dh8aammxndlb3-plenary.nvim",
  "sha256": "1bms9ihcz2gsk88mr00izxn7sjl1lfc62mk0fy54z20g756c8iwy",
  "hash": "sha256-nkfETDkPiE+Kd2BWYZijgUp9bP8RgFwRmvqJz2BMuq4=",
  "fetchLFS": false,
  "fetchSubmodules": true,
  "deepClone": false,
  "fetchTags": false,
  "leaveDotGit": false,
  "rootDir": ""
}
,"tanvirtin/vgit.nvim":{
  "url": "https://github.com/tanvirtin/vgit.nvim",
  "rev": "7e147e8cb2f160ae3c8d353005666f636d34acb2",
  "date": "2026-03-04T18:25:40-05:00",
  "path": "/nix/store/gdm3vm2wsbmb45q7vsniik3f0z1ziw2l-vgit.nvim",
  "sha256": "12ywkaiicpn5bjkldrg6hk3dg4kbz4hwmdv5nxb7cnk066ag4cjw",
  "hash": "sha256-XDLylDFgWnZWt2W3yiH5a5LXxoTm5UanXMVeFqOa3Is=",
  "fetchLFS": false,
  "fetchSubmodules": true,
  "deepClone": false,
  "fetchTags": false,
  "leaveDotGit": false,
  "rootDir": ""
}
,"akinsho/git-conflict.nvim":{
  "url": "https://github.com/akinsho/git-conflict.nvim",
  "rev": "a1badcd070d176172940eb55d9d59029dad1c5a6",
  "date": "2024-12-27T22:53:23Z",
  "path": "/nix/store/apdm2d3jn6jf35xlbfh9wn2fx5ik9m88-git-conflict.nvim",
  "sha256": "05rnwhm1fmg3yb7j2xc9nmw262jc687qxhwabn97qarrk2da0r0a",
  "hash": "sha256-CmSgmpg5K3ySXYrDjg8yTAojeLWJdSHP8uNVFyrkNhc=",
  "fetchLFS": false,
  "fetchSubmodules": true,
  "deepClone": false,
  "fetchTags": false,
  "leaveDotGit": false,
  "rootDir": ""
}
,"lukas-reineke/indent-blankline.nvim":{
  "url": "https://github.com/lukas-reineke/indent-blankline.nvim",
  "rev": "d28a3f70721c79e3c5f6693057ae929f3d9c0a03",
  "date": "2026-02-17T09:35:50+09:00",
  "path": "/nix/store/z811ag72h8d99gjvhds9sf0w6c8gwcc7-indent-blankline.nvim",
  "sha256": "0n3yalz8nnv5m07r86lh2r5kqvfb6m9wxz51m12y5simzryzvkjm",
  "hash": "sha256-Vc79ff416uJFqKH8zlM1y208SxaQGpQPqGVbiz5Vflg=",
  "fetchLFS": false,
  "fetchSubmodules": true,
  "deepClone": false,
  "fetchTags": false,
  "leaveDotGit": false,
  "rootDir": ""
}
,"Glench/Vim-Jinja2-Syntax":{
  "url": "https://github.com/Glench/Vim-Jinja2-Syntax",
  "rev": "2c17843b074b06a835f88587e1023ceff7e2c7d1",
  "date": "2021-06-22T10:26:45-04:00",
  "path": "/nix/store/20jd519vqi6rpiygipqjaf35xpw8n2yk-Vim-Jinja2-Syntax",
  "sha256": "13mfzsw3kr3r826wkpd3jhh1sy2j10hlj1bv8n8r01hpbngikfg7",
  "hash": "sha256-57kZn10XBpCRRXsFSSEIUngdIJSj3cmNQHnkObj+ro4=",
  "fetchLFS": false,
  "fetchSubmodules": true,
  "deepClone": false,
  "fetchTags": false,
  "leaveDotGit": false,
  "rootDir": ""
}
,"Shirk/vim-gas":{
  "url": "https://github.com/Shirk/vim-gas",
  "rev": "fb0442f37e2db49a2e7a18e21dfc87a443020c8d",
  "date": "2023-12-28T14:34:40+01:00",
  "path": "/nix/store/iknd014x405p1z3ll2sw8bhdzxma3gfs-vim-gas",
  "sha256": "1lqq2a1g0lrjpdbjfvqhxjhr6qkcj237n6w9vp89b7ywgzpff5zm",
  "hash": "sha256-9Rfn7n/cn5XQ3Ykbe4aQbGKToewQbydXuzJT8IISGNM=",
  "fetchLFS": false,
  "fetchSubmodules": true,
  "deepClone": false,
  "fetchTags": false,
  "leaveDotGit": false,
  "rootDir": ""
}
,"leissa/vim-acme":{
  "url": "https://github.com/leissa/vim-acme",
  "rev": "f16df0fd2721a3b2e96d09346b5ed49de68c6919",
  "date": "2024-12-10T11:09:07+01:00",
  "path": "/nix/store/i0sgawa1ifv1dcifr19vcb9fbjpj68fh-vim-acme",
  "sha256": "1nwz4ryi5wf09nxv4qq0hyi2gx6jggkz0mz36i4vhdib8d8v7iaa",
  "hash": "sha256-SsWzUUMrNrhJNONX8Od70vQnoocAY7K7TcDxEn0mn9s=",
  "fetchLFS": false,
  "fetchSubmodules": true,
  "deepClone": false,
  "fetchTags": false,
  "leaveDotGit": false,
  "rootDir": ""
}
,"mg979/vim-visual-multi":{
  "url": "https://github.com/mg979/vim-visual-multi",
  "rev": "a6975e7c1ee157615bbc80fc25e4392f71c344d4",
  "date": "2024-09-01T20:09:22+02:00",
  "path": "/nix/store/bi6707110gsqf48i6fs2xk13h0h6p0lc-vim-visual-multi",
  "sha256": "15jrxvaip6mncl8b8q8c1i82m20m1mld11gv75x9hqng3y85cc1b",
  "hash": "sha256-KzBWkB/PYph6OfuF0GgNFYgqUAwMYbQQZbaaG9XuWZY=",
  "fetchLFS": false,
  "fetchSubmodules": true,
  "deepClone": false,
  "fetchTags": false,
  "leaveDotGit": false,
  "rootDir": ""
}
,"google/vim-jsonnet":{
  "url": "https://github.com/google/vim-jsonnet",
  "rev": "4ebc6619ddce5d032a985b42a9864154c3d20e4a",
  "date": "2023-02-20T14:34:00Z",
  "path": "/nix/store/7fbcbjpgj9kb5kgqmji3p1616mvnhw5q-vim-jsonnet",
  "sha256": "1z2zk2wqfv58qxd8pa4hrpyhi5nlgf8m4gqb9f31pdnb78ci860a",
  "hash": "sha256-ChgUGTrLthuGSws/UpF71JYI/c2QqItax6hsh7mYX/w=",
  "fetchLFS": false,
  "fetchSubmodules": true,
  "deepClone": false,
  "fetchTags": false,
  "leaveDotGit": false,
  "rootDir": ""
}
,"purescript-contrib/purescript-vim":{
  "url": "https://github.com/purescript-contrib/purescript-vim",
  "rev": "82348352e6568fcc0385bd7c99a8ead3a479feea",
  "date": "2023-02-06T16:11:01+07:00",
  "path": "/nix/store/c5dykh9mvpmpfjx7j3nxy1qvjvwfk3n8-purescript-vim",
  "sha256": "14729v7rndi3l8fpnbzapgwb4dj7537fik54g6frm1r1724f5cr2",
  "hash": "sha256-IrPiiDghh5qdeaTM6M4oRzay+LvqL3sdoiM2m89O4pA=",
  "fetchLFS": false,
  "fetchSubmodules": true,
  "deepClone": false,
  "fetchTags": false,
  "leaveDotGit": false,
  "rootDir": ""
}
,"wilt00/vim-y86-syntax":{
  "url": "https://github.com/wilt00/vim-y86-syntax",
  "rev": "1861343c2cbc7ced636b88f4efc81dcd07eb6bd1",
  "date": "2018-03-06T14:29:13-06:00",
  "path": "/nix/store/gxhirsim3c8nd59jvakndm39nymmi645-vim-y86-syntax",
  "sha256": "1w26m2aw3f86s53lsw8304i2gss0844p9wxw235ksmwsw0pafmx9",
  "hash": "sha256-qVenLuCaVz3LELzzdAlBQOsnIgEDcU1H0Qa5wZWoRvA=",
  "fetchLFS": false,
  "fetchSubmodules": true,
  "deepClone": false,
  "fetchTags": false,
  "leaveDotGit": false,
  "rootDir": ""
}
,"m42e/vim-gcov-marker":{
  "url": "https://github.com/m42e/vim-gcov-marker",
  "rev": "fc79ff9558126b53fd103cae41f6834e60fe85f5",
  "date": "2018-03-27T20:08:28+02:00",
  "path": "/nix/store/rsrn4fwh3zv047mmmd4drkjjf1vcdsjv-vim-gcov-marker",
  "sha256": "06v7ziyb2dbxlqvq2i40qhr1as6kxj7yl9dw9yfqx51c07r66f7v",
  "hash": "sha256-+zhj8gEslI6dT7wl6o/s02gVMsSARIE3pn01sXz8Zxs=",
  "fetchLFS": false,
  "fetchSubmodules": true,
  "deepClone": false,
  "fetchTags": false,
  "leaveDotGit": false,
  "rootDir": ""
}
,"ELLIOTTCABLE/vim-menhir":{
  "url": "https://github.com/ELLIOTTCABLE/vim-menhir",
  "rev": "7e9ebe0c129e3c9eeb50b6beb09cf0feef131e8e",
  "date": "2019-01-22T22:18:10-06:00",
  "path": "/nix/store/g5762aw99l1bpb78jsrbn8m2m0h963k0-vim-menhir",
  "sha256": "070y2gvrw2w5yh9g4mglkdk0afqm42a6klvby327wmd9rq3prcah",
  "hash": "sha256-ULF8B86pVX7E8GvTaZQgFTsFZpv0VfIS9IULnvcTHhw=",
  "fetchLFS": false,
  "fetchSubmodules": true,
  "deepClone": false,
  "fetchTags": false,
  "leaveDotGit": false,
  "rootDir": ""
}
,"petRUShka/vim-opencl":{
  "url": "https://github.com/petRUShka/vim-opencl",
  "rev": "7668b018fe9461c6b51e0b736ed84aa84d6bafce",
  "date": "2018-06-13T20:20:28+03:00",
  "path": "/nix/store/fqfhrz5ggqq2afpn607i8wvxfwfcs201-vim-opencl",
  "sha256": "0z8qasymkkaa272bjxmkp4sgd8qr4ypcqxlyzxgh5imp3gmrc6n1",
  "hash": "sha256-wRqW6xu3xgJf/552zK4nGaP2NLmzdrnEEUrNWb1WGH0=",
  "fetchLFS": false,
  "fetchSubmodules": true,
  "deepClone": false,
  "fetchTags": false,
  "leaveDotGit": false,
  "rootDir": ""
}
,"martinlroth/vim-acpi-asl":{
  "url": "https://github.com/martinlroth/vim-acpi-asl",
  "rev": "3397682276eba0e9af8391fe25087bed79a7aec5",
  "date": "2016-07-30T14:42:19-06:00",
  "path": "/nix/store/cs50lrgp2c9z547srcrjyaphfqbdc9w6-vim-acpi-asl",
  "sha256": "0wvi23pw1rc2a7gfc3ir06i4swfv2l5ki3ggyf5ngh8qhkryf2qs",
  "hash": "sha256-Ggvn84QYwWeL8++NOAsV23FNogE5DubeUYLlwO8QcXM=",
  "fetchLFS": false,
  "fetchSubmodules": true,
  "deepClone": false,
  "fetchTags": false,
  "leaveDotGit": false,
  "rootDir": ""
}
,"ryanoasis/vim-devicons":{
  "url": "https://github.com/ryanoasis/vim-devicons",
  "rev": "71f239af28b7214eebb60d4ea5bd040291fb7e33",
  "date": "2022-10-02T03:28:33+09:00",
  "path": "/nix/store/5lccjk9w33sz1lc0bd3r5hjvwa7rqhpj-vim-devicons",
  "sha256": "0kshppxgi63wn96a8h9zv7drwqcbljin5jhszh8q7pqw2xsd83gn",
  "hash": "sha256-9g3UdBcc34MR/BrKYqOki2Ge29k/QaRMsnyY+Pq9UE8=",
  "fetchLFS": false,
  "fetchSubmodules": true,
  "deepClone": false,
  "fetchTags": false,
  "leaveDotGit": false,
  "rootDir": ""
}
}, "packages": ["plantuml"], "lsp-packages": ["arduino-language-server","asm-lsp","ccls","cmake-language-server","vscode-langservers-extracted","dockerfile-language-server","docker-language-server","dot-language-server","typescript-language-server","vscode-langservers-extracted","haskell-language-server","vscode-langservers-extracted","kotlin-language-server","marksman","matlab-language-server","mesonlsp","ocamlPackages.ocaml-lsp","phpactor","python3Packages.python-lsp-server","rust-analyzer","bash-language-server","dot-language-server","marksman"]}
